{
    "version": 3,
    "terraform_version": "0.8.7",
    "serial": 10,
    "lineage": "8df387a7-382d-4c3a-b9ee-83b9f97482c6",
    "modules": [
        {
            "path": [
                "root"
            ],
            "outputs": {
                "aws_vpc_id": {
                    "sensitive": false,
                    "type": "string",
                    "value": "vpc-db4cdebf"
                },
                "bastion_public_ip": {
                    "sensitive": false,
                    "type": "string",
                    "value": "52.221.147.183"
                },
                "nat_subnets": {
                    "sensitive": false,
                    "type": "string",
                    "value": "subnet-518cce27,subnet-5be5bb3f"
                },
                "private_subnets": {
                    "sensitive": false,
                    "type": "string",
                    "value": "subnet-5f8cce29,subnet-25e5bb41"
                },
                "public_subnets": {
                    "sensitive": false,
                    "type": "string",
                    "value": "subnet-5e8cce28,subnet-24e5bb40"
                },
                "ssh_from_bastion_sg_id": {
                    "sensitive": false,
                    "type": "string",
                    "value": "sg-bcdcb1db"
                }
            },
            "resources": {},
            "depends_on": []
        },
        {
            "path": [
                "root",
                "bastion"
            ],
            "outputs": {
                "bastion_public_ip": {
                    "sensitive": false,
                    "type": "string",
                    "value": "52.221.147.183"
                },
                "ssh_from_bastion_sg_id": {
                    "sensitive": false,
                    "type": "string",
                    "value": "sg-bcdcb1db"
                }
            },
            "resources": {
                "aws_eip.bastion": {
                    "type": "aws_eip",
                    "depends_on": [
                        "aws_instance.bastion"
                    ],
                    "primary": {
                        "id": "eipalloc-44570e21",
                        "attributes": {
                            "association_id": "eipassoc-0cadd26b",
                            "domain": "vpc",
                            "id": "eipalloc-44570e21",
                            "instance": "i-0b9f1f6c6e3da62c6",
                            "network_interface": "eni-8d5dbac0",
                            "private_ip": "10.91.57.239",
                            "public_ip": "52.221.147.183",
                            "vpc": "true"
                        },
                        "meta": {},
                        "tainted": false
                    },
                    "deposed": [],
                    "provider": ""
                },
                "aws_instance.bastion": {
                    "type": "aws_instance",
                    "depends_on": [
                        "aws_security_group.bastion_ssh_sg",
                        "data.template_file.user_data"
                    ],
                    "primary": {
                        "id": "i-0b9f1f6c6e3da62c6",
                        "attributes": {
                            "ami": "ami-dc9339bf",
                            "associate_public_ip_address": "true",
                            "availability_zone": "ap-southeast-1a",
                            "disable_api_termination": "false",
                            "ebs_block_device.#": "0",
                            "ebs_optimized": "false",
                            "ephemeral_block_device.#": "0",
                            "iam_instance_profile": "s3-read",
                            "id": "i-0b9f1f6c6e3da62c6",
                            "instance_state": "running",
                            "instance_type": "t2.micro",
                            "key_name": "awscloud-rumah123-development-singapore",
                            "monitoring": "false",
                            "network_interface_id": "eni-8d5dbac0",
                            "private_dns": "ip-10-91-57-239.ap-southeast-1.compute.internal",
                            "private_ip": "10.91.57.239",
                            "public_dns": "ec2-54-169-110-214.ap-southeast-1.compute.amazonaws.com",
                            "public_ip": "54.169.110.214",
                            "root_block_device.#": "1",
                            "root_block_device.0.delete_on_termination": "true",
                            "root_block_device.0.iops": "100",
                            "root_block_device.0.volume_size": "8",
                            "root_block_device.0.volume_type": "gp2",
                            "security_groups.#": "0",
                            "source_dest_check": "true",
                            "subnet_id": "subnet-518cce27",
                            "tags.%": "1",
                            "tags.Name": "bastion",
                            "tenancy": "default",
                            "user_data": "9db78f175454acb05f26eddeb7eb40621628af88",
                            "vpc_security_group_ids.#": "1",
                            "vpc_security_group_ids.3867723577": "sg-bfdcb1d8"
                        },
                        "meta": {
                            "schema_version": "1"
                        },
                        "tainted": false
                    },
                    "deposed": [],
                    "provider": ""
                },
                "aws_route53_record.www": {
                    "type": "aws_route53_record",
                    "depends_on": [
                        "aws_instance.bastion",
                        "aws_route53_zone.internal"
                    ],
                    "primary": {
                        "id": "ZW35A9ODDLTNP_bastion_A",
                        "attributes": {
                            "fqdn": "bastion.development.rumah123-singapore.ipga.local",
                            "health_check_id": "",
                            "id": "ZW35A9ODDLTNP_bastion_A",
                            "name": "bastion",
                            "records.#": "1",
                            "records.1376408979": "10.91.57.239",
                            "set_identifier": "",
                            "ttl": "300",
                            "type": "A",
                            "zone_id": "ZW35A9ODDLTNP"
                        },
                        "meta": {
                            "schema_version": "2"
                        },
                        "tainted": false
                    },
                    "deposed": [],
                    "provider": ""
                },
                "aws_route53_zone.internal": {
                    "type": "aws_route53_zone",
                    "depends_on": [],
                    "primary": {
                        "id": "ZW35A9ODDLTNP",
                        "attributes": {
                            "comment": "Managed by Terraform",
                            "force_destroy": "false",
                            "id": "ZW35A9ODDLTNP",
                            "name": "development.rumah123-singapore.ipga.local.",
                            "name_servers.#": "4",
                            "name_servers.0": "ns-0.awsdns-00.com.",
                            "name_servers.1": "ns-1024.awsdns-00.org.",
                            "name_servers.2": "ns-1536.awsdns-00.co.uk.",
                            "name_servers.3": "ns-512.awsdns-00.net.",
                            "tags.%": "1",
                            "tags.Purpose": "Internal DNS Mapping",
                            "vpc_id": "vpc-db4cdebf",
                            "vpc_region": "ap-southeast-1",
                            "zone_id": "ZW35A9ODDLTNP"
                        },
                        "meta": {},
                        "tainted": false
                    },
                    "deposed": [],
                    "provider": ""
                },
                "aws_security_group.bastion_ssh_sg": {
                    "type": "aws_security_group",
                    "depends_on": [],
                    "primary": {
                        "id": "sg-bfdcb1d8",
                        "attributes": {
                            "description": "Allow SSH to Bastion host from approved ranges",
                            "egress.#": "1",
                            "egress.482069346.cidr_blocks.#": "1",
                            "egress.482069346.cidr_blocks.0": "0.0.0.0/0",
                            "egress.482069346.from_port": "0",
                            "egress.482069346.prefix_list_ids.#": "0",
                            "egress.482069346.protocol": "-1",
                            "egress.482069346.security_groups.#": "0",
                            "egress.482069346.self": "false",
                            "egress.482069346.to_port": "0",
                            "id": "sg-bfdcb1d8",
                            "ingress.#": "2",
                            "ingress.1799340084.cidr_blocks.#": "1",
                            "ingress.1799340084.cidr_blocks.0": "0.0.0.0/0",
                            "ingress.1799340084.from_port": "-1",
                            "ingress.1799340084.protocol": "icmp",
                            "ingress.1799340084.security_groups.#": "0",
                            "ingress.1799340084.self": "false",
                            "ingress.1799340084.to_port": "-1",
                            "ingress.2541437006.cidr_blocks.#": "1",
                            "ingress.2541437006.cidr_blocks.0": "0.0.0.0/0",
                            "ingress.2541437006.from_port": "22",
                            "ingress.2541437006.protocol": "tcp",
                            "ingress.2541437006.security_groups.#": "0",
                            "ingress.2541437006.self": "false",
                            "ingress.2541437006.to_port": "22",
                            "name": "bastion-sg",
                            "owner_id": "538471682716",
                            "tags.%": "1",
                            "tags.Name": "bastion-sg",
                            "vpc_id": "vpc-db4cdebf"
                        },
                        "meta": {},
                        "tainted": false
                    },
                    "deposed": [],
                    "provider": ""
                },
                "aws_security_group.ssh_from_bastion_sg": {
                    "type": "aws_security_group",
                    "depends_on": [
                        "aws_security_group.bastion_ssh_sg"
                    ],
                    "primary": {
                        "id": "sg-bcdcb1db",
                        "attributes": {
                            "description": "Allow SSH from Bastion host(s)",
                            "egress.#": "1",
                            "egress.482069346.cidr_blocks.#": "1",
                            "egress.482069346.cidr_blocks.0": "0.0.0.0/0",
                            "egress.482069346.from_port": "0",
                            "egress.482069346.prefix_list_ids.#": "0",
                            "egress.482069346.protocol": "-1",
                            "egress.482069346.security_groups.#": "0",
                            "egress.482069346.self": "false",
                            "egress.482069346.to_port": "0",
                            "id": "sg-bcdcb1db",
                            "ingress.#": "2",
                            "ingress.1110431922.cidr_blocks.#": "0",
                            "ingress.1110431922.from_port": "22",
                            "ingress.1110431922.protocol": "tcp",
                            "ingress.1110431922.security_groups.#": "1",
                            "ingress.1110431922.security_groups.3867723577": "sg-bfdcb1d8",
                            "ingress.1110431922.self": "true",
                            "ingress.1110431922.to_port": "22",
                            "ingress.1799340084.cidr_blocks.#": "1",
                            "ingress.1799340084.cidr_blocks.0": "0.0.0.0/0",
                            "ingress.1799340084.from_port": "-1",
                            "ingress.1799340084.protocol": "icmp",
                            "ingress.1799340084.security_groups.#": "0",
                            "ingress.1799340084.self": "false",
                            "ingress.1799340084.to_port": "-1",
                            "name": "ssh-from-bastion-sg",
                            "owner_id": "538471682716",
                            "tags.%": "1",
                            "tags.Name": "ssh-from-bastion-sg",
                            "vpc_id": "vpc-db4cdebf"
                        },
                        "meta": {},
                        "tainted": false
                    },
                    "deposed": [],
                    "provider": ""
                },
                "data.template_file.user_data": {
                    "type": "template_file",
                    "depends_on": [],
                    "primary": {
                        "id": "8a6e784f92d0296e7befcf33702077d157c287fef03ad7037b7bd88d21d2c639",
                        "attributes": {
                            "id": "8a6e784f92d0296e7befcf33702077d157c287fef03ad7037b7bd88d21d2c639",
                            "rendered": "#!/bin/bash\n\n## Setup the hosts file and hostname.\nfunction configure_hosts {\n    recordName=\"bastion\"\n    instance_ip=$(curl -q http://169.254.169.254/latest/meta-data/local-ipv4)\n    domain=$(awk '/^search/ { print $2 }' /etc/resolv.conf)\n    ipend=`echo $instance_ip | sed 's/\\\\./\\\\-/g'`\n    echo \"$instance_ip $recordName.$domain  $recordName\"\u003e\u003e /etc/hosts\n    hostname $recordName\n    echo $recordName \u003e /etc/hostname\n}\n\nconfigure_hosts\nyum update",
                            "template": "#!/bin/bash\n\n## Setup the hosts file and hostname.\nfunction configure_hosts {\n    recordName=\"${record_name}\"\n    instance_ip=$(curl -q http://169.254.169.254/latest/meta-data/local-ipv4)\n    domain=$(awk '/^search/ { print $2 }' /etc/resolv.conf)\n    ipend=`echo $instance_ip | sed 's/\\\\./\\\\-/g'`\n    echo \"$instance_ip $recordName.$domain  $recordName\"\u003e\u003e /etc/hosts\n    hostname $recordName\n    echo $recordName \u003e /etc/hostname\n}\n\nconfigure_hosts\nyum update",
                            "vars.%": "1",
                            "vars.record_name": "bastion"
                        },
                        "meta": {},
                        "tainted": false
                    },
                    "deposed": [],
                    "provider": ""
                }
            },
            "depends_on": []
        },
        {
            "path": [
                "root",
                "network"
            ],
            "outputs": {
                "aws_vpc_id": {
                    "sensitive": false,
                    "type": "string",
                    "value": "vpc-db4cdebf"
                },
                "nat_subnets": {
                    "sensitive": false,
                    "type": "string",
                    "value": "subnet-518cce27,subnet-5be5bb3f"
                },
                "private_subnets": {
                    "sensitive": false,
                    "type": "string",
                    "value": "subnet-5f8cce29,subnet-25e5bb41"
                },
                "public_subnets": {
                    "sensitive": false,
                    "type": "string",
                    "value": "subnet-5e8cce28,subnet-24e5bb40"
                },
                "vpc_id": {
                    "sensitive": false,
                    "type": "string",
                    "value": "vpc-db4cdebf"
                }
            },
            "resources": {
                "aws_eip.nat.0": {
                    "type": "aws_eip",
                    "depends_on": [
                        "aws_internet_gateway.default"
                    ],
                    "primary": {
                        "id": "eipalloc-0a257c6f",
                        "attributes": {
                            "association_id": "",
                            "domain": "vpc",
                            "id": "eipalloc-0a257c6f",
                            "instance": "",
                            "network_interface": "",
                            "private_ip": "",
                            "public_ip": "52.221.142.145",
                            "vpc": "true"
                        },
                        "meta": {},
                        "tainted": false
                    },
                    "deposed": [],
                    "provider": ""
                },
                "aws_eip.nat.1": {
                    "type": "aws_eip",
                    "depends_on": [
                        "aws_internet_gateway.default"
                    ],
                    "primary": {
                        "id": "eipalloc-29277e4c",
                        "attributes": {
                            "association_id": "",
                            "domain": "vpc",
                            "id": "eipalloc-29277e4c",
                            "instance": "",
                            "network_interface": "",
                            "private_ip": "",
                            "public_ip": "52.221.45.57",
                            "vpc": "true"
                        },
                        "meta": {},
                        "tainted": false
                    },
                    "deposed": [],
                    "provider": ""
                },
                "aws_internet_gateway.default": {
                    "type": "aws_internet_gateway",
                    "depends_on": [
                        "aws_vpc.default"
                    ],
                    "primary": {
                        "id": "igw-46271523",
                        "attributes": {
                            "id": "igw-46271523",
                            "tags.%": "1",
                            "tags.Name": "rumah123-development",
                            "vpc_id": "vpc-db4cdebf"
                        },
                        "meta": {},
                        "tainted": false
                    },
                    "deposed": [],
                    "provider": ""
                },
                "aws_nat_gateway.default.0": {
                    "type": "aws_nat_gateway",
                    "depends_on": [
                        "aws_eip.nat",
                        "aws_internet_gateway.default",
                        "aws_subnet.nat"
                    ],
                    "primary": {
                        "id": "nat-0502f51c82d8ccb4d",
                        "attributes": {
                            "allocation_id": "eipalloc-0a257c6f",
                            "id": "nat-0502f51c82d8ccb4d",
                            "network_interface_id": "eni-8c5dbac1",
                            "private_ip": "10.91.57.226",
                            "public_ip": "52.221.142.145",
                            "subnet_id": "subnet-518cce27"
                        },
                        "meta": {},
                        "tainted": false
                    },
                    "deposed": [],
                    "provider": ""
                },
                "aws_nat_gateway.default.1": {
                    "type": "aws_nat_gateway",
                    "depends_on": [
                        "aws_eip.nat",
                        "aws_internet_gateway.default",
                        "aws_subnet.nat"
                    ],
                    "primary": {
                        "id": "nat-09179cec5fafd56c9",
                        "attributes": {
                            "allocation_id": "eipalloc-29277e4c",
                            "id": "nat-09179cec5fafd56c9",
                            "network_interface_id": "eni-e213e199",
                            "private_ip": "10.91.59.192",
                            "public_ip": "52.221.45.57",
                            "subnet_id": "subnet-5be5bb3f"
                        },
                        "meta": {},
                        "tainted": false
                    },
                    "deposed": [],
                    "provider": ""
                },
                "aws_network_acl.nat": {
                    "type": "aws_network_acl",
                    "depends_on": [
                        "aws_subnet.nat",
                        "aws_vpc.default"
                    ],
                    "primary": {
                        "id": "acl-83bee8e7",
                        "attributes": {
                            "egress.#": "1",
                            "egress.2008561493.action": "allow",
                            "egress.2008561493.cidr_block": "0.0.0.0/0",
                            "egress.2008561493.from_port": "0",
                            "egress.2008561493.icmp_code": "0",
                            "egress.2008561493.icmp_type": "0",
                            "egress.2008561493.protocol": "-1",
                            "egress.2008561493.rule_no": "1",
                            "egress.2008561493.to_port": "0",
                            "id": "acl-83bee8e7",
                            "ingress.#": "8",
                            "ingress.1172947379.action": "allow",
                            "ingress.1172947379.cidr_block": "10.91.48.0/22",
                            "ingress.1172947379.from_port": "0",
                            "ingress.1172947379.icmp_code": "0",
                            "ingress.1172947379.icmp_type": "0",
                            "ingress.1172947379.protocol": "-1",
                            "ingress.1172947379.rule_no": "2",
                            "ingress.1172947379.to_port": "0",
                            "ingress.2334896540.action": "allow",
                            "ingress.2334896540.cidr_block": "0.0.0.0/0",
                            "ingress.2334896540.from_port": "1024",
                            "ingress.2334896540.icmp_code": "0",
                            "ingress.2334896540.icmp_type": "0",
                            "ingress.2334896540.protocol": "17",
                            "ingress.2334896540.rule_no": "4",
                            "ingress.2334896540.to_port": "65535",
                            "ingress.2354357180.action": "allow",
                            "ingress.2354357180.cidr_block": "0.0.0.0/0",
                            "ingress.2354357180.from_port": "0",
                            "ingress.2354357180.icmp_code": "-1",
                            "ingress.2354357180.icmp_type": "-1",
                            "ingress.2354357180.protocol": "1",
                            "ingress.2354357180.rule_no": "5",
                            "ingress.2354357180.to_port": "0",
                            "ingress.3186488900.action": "allow",
                            "ingress.3186488900.cidr_block": "121.122.7.17/32",
                            "ingress.3186488900.from_port": "22",
                            "ingress.3186488900.icmp_code": "0",
                            "ingress.3186488900.icmp_type": "0",
                            "ingress.3186488900.protocol": "6",
                            "ingress.3186488900.rule_no": "7",
                            "ingress.3186488900.to_port": "22",
                            "ingress.3405953.action": "allow",
                            "ingress.3405953.cidr_block": "121.122.7.177/32",
                            "ingress.3405953.from_port": "22",
                            "ingress.3405953.icmp_code": "0",
                            "ingress.3405953.icmp_type": "0",
                            "ingress.3405953.protocol": "6",
                            "ingress.3405953.rule_no": "8",
                            "ingress.3405953.to_port": "22",
                            "ingress.372942631.action": "allow",
                            "ingress.372942631.cidr_block": "0.0.0.0/0",
                            "ingress.372942631.from_port": "1024",
                            "ingress.372942631.icmp_code": "0",
                            "ingress.372942631.icmp_type": "0",
                            "ingress.372942631.protocol": "6",
                            "ingress.372942631.rule_no": "3",
                            "ingress.372942631.to_port": "65535",
                            "ingress.691195318.action": "allow",
                            "ingress.691195318.cidr_block": "10.91.56.0/22",
                            "ingress.691195318.from_port": "0",
                            "ingress.691195318.icmp_code": "0",
                            "ingress.691195318.icmp_type": "0",
                            "ingress.691195318.protocol": "-1",
                            "ingress.691195318.rule_no": "1",
                            "ingress.691195318.to_port": "0",
                            "ingress.761064703.action": "allow",
                            "ingress.761064703.cidr_block": "202.66.38.130/32",
                            "ingress.761064703.from_port": "22",
                            "ingress.761064703.icmp_code": "0",
                            "ingress.761064703.icmp_type": "0",
                            "ingress.761064703.protocol": "6",
                            "ingress.761064703.rule_no": "6",
                            "ingress.761064703.to_port": "22",
                            "subnet_ids.#": "2",
                            "subnet_ids.1806507919": "subnet-518cce27",
                            "subnet_ids.3327650852": "subnet-5be5bb3f",
                            "tags.%": "1",
                            "tags.Name": "nat_acl_all_subnets",
                            "vpc_id": "vpc-db4cdebf"
                        },
                        "meta": {},
                        "tainted": false
                    },
                    "deposed": [],
                    "provider": ""
                },
                "aws_network_acl.private": {
                    "type": "aws_network_acl",
                    "depends_on": [
                        "aws_subnet.private",
                        "aws_vpc.default"
                    ],
                    "primary": {
                        "id": "acl-8cbee8e8",
                        "attributes": {
                            "egress.#": "1",
                            "egress.2008561493.action": "allow",
                            "egress.2008561493.cidr_block": "0.0.0.0/0",
                            "egress.2008561493.from_port": "0",
                            "egress.2008561493.icmp_code": "0",
                            "egress.2008561493.icmp_type": "0",
                            "egress.2008561493.protocol": "-1",
                            "egress.2008561493.rule_no": "1",
                            "egress.2008561493.to_port": "0",
                            "id": "acl-8cbee8e8",
                            "ingress.#": "7",
                            "ingress.1172947379.action": "allow",
                            "ingress.1172947379.cidr_block": "10.91.48.0/22",
                            "ingress.1172947379.from_port": "0",
                            "ingress.1172947379.icmp_code": "0",
                            "ingress.1172947379.icmp_type": "0",
                            "ingress.1172947379.protocol": "-1",
                            "ingress.1172947379.rule_no": "2",
                            "ingress.1172947379.to_port": "0",
                            "ingress.2027166940.action": "allow",
                            "ingress.2027166940.cidr_block": "10.91.52.0/22",
                            "ingress.2027166940.from_port": "80",
                            "ingress.2027166940.icmp_code": "0",
                            "ingress.2027166940.icmp_type": "0",
                            "ingress.2027166940.protocol": "6",
                            "ingress.2027166940.rule_no": "3",
                            "ingress.2027166940.to_port": "80",
                            "ingress.2568939731.action": "allow",
                            "ingress.2568939731.cidr_block": "0.0.0.0/0",
                            "ingress.2568939731.from_port": "0",
                            "ingress.2568939731.icmp_code": "-1",
                            "ingress.2568939731.icmp_type": "-1",
                            "ingress.2568939731.protocol": "1",
                            "ingress.2568939731.rule_no": "7",
                            "ingress.2568939731.to_port": "0",
                            "ingress.2785539447.action": "allow",
                            "ingress.2785539447.cidr_block": "0.0.0.0/0",
                            "ingress.2785539447.from_port": "1024",
                            "ingress.2785539447.icmp_code": "0",
                            "ingress.2785539447.icmp_type": "0",
                            "ingress.2785539447.protocol": "6",
                            "ingress.2785539447.rule_no": "5",
                            "ingress.2785539447.to_port": "65535",
                            "ingress.34202625.action": "allow",
                            "ingress.34202625.cidr_block": "10.91.52.0/22",
                            "ingress.34202625.from_port": "443",
                            "ingress.34202625.icmp_code": "0",
                            "ingress.34202625.icmp_type": "0",
                            "ingress.34202625.protocol": "6",
                            "ingress.34202625.rule_no": "4",
                            "ingress.34202625.to_port": "443",
                            "ingress.458069953.action": "allow",
                            "ingress.458069953.cidr_block": "0.0.0.0/0",
                            "ingress.458069953.from_port": "1024",
                            "ingress.458069953.icmp_code": "0",
                            "ingress.458069953.icmp_type": "0",
                            "ingress.458069953.protocol": "17",
                            "ingress.458069953.rule_no": "6",
                            "ingress.458069953.to_port": "65535",
                            "ingress.691195318.action": "allow",
                            "ingress.691195318.cidr_block": "10.91.56.0/22",
                            "ingress.691195318.from_port": "0",
                            "ingress.691195318.icmp_code": "0",
                            "ingress.691195318.icmp_type": "0",
                            "ingress.691195318.protocol": "-1",
                            "ingress.691195318.rule_no": "1",
                            "ingress.691195318.to_port": "0",
                            "subnet_ids.#": "2",
                            "subnet_ids.1785193905": "subnet-5f8cce29",
                            "subnet_ids.2427347092": "subnet-25e5bb41",
                            "tags.%": "1",
                            "tags.Name": "private_acl_all_subnets",
                            "vpc_id": "vpc-db4cdebf"
                        },
                        "meta": {},
                        "tainted": false
                    },
                    "deposed": [],
                    "provider": ""
                },
                "aws_network_acl.public": {
                    "type": "aws_network_acl",
                    "depends_on": [
                        "aws_subnet.public",
                        "aws_vpc.default"
                    ],
                    "primary": {
                        "id": "acl-8dbee8e9",
                        "attributes": {
                            "egress.#": "1",
                            "egress.2008561493.action": "allow",
                            "egress.2008561493.cidr_block": "0.0.0.0/0",
                            "egress.2008561493.from_port": "0",
                            "egress.2008561493.icmp_code": "0",
                            "egress.2008561493.icmp_type": "0",
                            "egress.2008561493.protocol": "-1",
                            "egress.2008561493.rule_no": "1",
                            "egress.2008561493.to_port": "0",
                            "id": "acl-8dbee8e9",
                            "ingress.#": "6",
                            "ingress.2114145860.action": "allow",
                            "ingress.2114145860.cidr_block": "0.0.0.0/0",
                            "ingress.2114145860.from_port": "0",
                            "ingress.2114145860.icmp_code": "-1",
                            "ingress.2114145860.icmp_type": "-1",
                            "ingress.2114145860.protocol": "1",
                            "ingress.2114145860.rule_no": "6",
                            "ingress.2114145860.to_port": "0",
                            "ingress.267967634.action": "allow",
                            "ingress.267967634.cidr_block": "0.0.0.0/0",
                            "ingress.267967634.from_port": "80",
                            "ingress.267967634.icmp_code": "0",
                            "ingress.267967634.icmp_type": "0",
                            "ingress.267967634.protocol": "6",
                            "ingress.267967634.rule_no": "2",
                            "ingress.267967634.to_port": "80",
                            "ingress.2905148372.action": "allow",
                            "ingress.2905148372.cidr_block": "10.91.48.0/20",
                            "ingress.2905148372.from_port": "0",
                            "ingress.2905148372.icmp_code": "0",
                            "ingress.2905148372.icmp_type": "0",
                            "ingress.2905148372.protocol": "-1",
                            "ingress.2905148372.rule_no": "1",
                            "ingress.2905148372.to_port": "0",
                            "ingress.656576592.action": "allow",
                            "ingress.656576592.cidr_block": "0.0.0.0/0",
                            "ingress.656576592.from_port": "1024",
                            "ingress.656576592.icmp_code": "0",
                            "ingress.656576592.icmp_type": "0",
                            "ingress.656576592.protocol": "6",
                            "ingress.656576592.rule_no": "4",
                            "ingress.656576592.to_port": "65535",
                            "ingress.782246290.action": "allow",
                            "ingress.782246290.cidr_block": "0.0.0.0/0",
                            "ingress.782246290.from_port": "1024",
                            "ingress.782246290.icmp_code": "0",
                            "ingress.782246290.icmp_type": "0",
                            "ingress.782246290.protocol": "17",
                            "ingress.782246290.rule_no": "5",
                            "ingress.782246290.to_port": "65535",
                            "ingress.899945936.action": "allow",
                            "ingress.899945936.cidr_block": "0.0.0.0/0",
                            "ingress.899945936.from_port": "443",
                            "ingress.899945936.icmp_code": "0",
                            "ingress.899945936.icmp_type": "0",
                            "ingress.899945936.protocol": "6",
                            "ingress.899945936.rule_no": "3",
                            "ingress.899945936.to_port": "443",
                            "subnet_ids.#": "2",
                            "subnet_ids.1105091510": "subnet-24e5bb40",
                            "subnet_ids.747163578": "subnet-5e8cce28",
                            "tags.%": "1",
                            "tags.Name": "public_acl_all_subnets",
                            "vpc_id": "vpc-db4cdebf"
                        },
                        "meta": {},
                        "tainted": false
                    },
                    "deposed": [],
                    "provider": ""
                },
                "aws_route_table.internet": {
                    "type": "aws_route_table",
                    "depends_on": [
                        "aws_internet_gateway.default",
                        "aws_vpc.default"
                    ],
                    "primary": {
                        "id": "rtb-a0c4e0c4",
                        "attributes": {
                            "id": "rtb-a0c4e0c4",
                            "propagating_vgws.#": "0",
                            "route.#": "1",
                            "route.2282577088.cidr_block": "0.0.0.0/0",
                            "route.2282577088.gateway_id": "igw-46271523",
                            "route.2282577088.instance_id": "",
                            "route.2282577088.nat_gateway_id": "",
                            "route.2282577088.network_interface_id": "",
                            "route.2282577088.vpc_peering_connection_id": "",
                            "tags.%": "1",
                            "tags.Name": "internet_gateway_route",
                            "vpc_id": "vpc-db4cdebf"
                        },
                        "meta": {},
                        "tainted": false
                    },
                    "deposed": [],
                    "provider": ""
                },
                "aws_route_table.nat-gateway.0": {
                    "type": "aws_route_table",
                    "depends_on": [
                        "aws_nat_gateway.default",
                        "aws_vpc.default"
                    ],
                    "primary": {
                        "id": "rtb-4cc5e128",
                        "attributes": {
                            "id": "rtb-4cc5e128",
                            "propagating_vgws.#": "0",
                            "route.#": "1",
                            "route.2618630724.cidr_block": "0.0.0.0/0",
                            "route.2618630724.gateway_id": "",
                            "route.2618630724.instance_id": "",
                            "route.2618630724.nat_gateway_id": "nat-0502f51c82d8ccb4d",
                            "route.2618630724.network_interface_id": "",
                            "route.2618630724.vpc_peering_connection_id": "",
                            "tags.%": "1",
                            "tags.Name": "nat_ap-southeast-1a",
                            "vpc_id": "vpc-db4cdebf"
                        },
                        "meta": {},
                        "tainted": false
                    },
                    "deposed": [],
                    "provider": ""
                },
                "aws_route_table.nat-gateway.1": {
                    "type": "aws_route_table",
                    "depends_on": [
                        "aws_nat_gateway.default",
                        "aws_vpc.default"
                    ],
                    "primary": {
                        "id": "rtb-4ec5e12a",
                        "attributes": {
                            "id": "rtb-4ec5e12a",
                            "propagating_vgws.#": "0",
                            "route.#": "1",
                            "route.3618444911.cidr_block": "0.0.0.0/0",
                            "route.3618444911.gateway_id": "",
                            "route.3618444911.instance_id": "",
                            "route.3618444911.nat_gateway_id": "nat-09179cec5fafd56c9",
                            "route.3618444911.network_interface_id": "",
                            "route.3618444911.vpc_peering_connection_id": "",
                            "tags.%": "1",
                            "tags.Name": "nat_ap-southeast-1b",
                            "vpc_id": "vpc-db4cdebf"
                        },
                        "meta": {},
                        "tainted": false
                    },
                    "deposed": [],
                    "provider": ""
                },
                "aws_route_table_association.nat-subnet.0": {
                    "type": "aws_route_table_association",
                    "depends_on": [
                        "aws_route_table.internet",
                        "aws_subnet.public"
                    ],
                    "primary": {
                        "id": "rtbassoc-8170a2e6",
                        "attributes": {
                            "id": "rtbassoc-8170a2e6",
                            "route_table_id": "rtb-a0c4e0c4",
                            "subnet_id": "subnet-5e8cce28"
                        },
                        "meta": {},
                        "tainted": false
                    },
                    "deposed": [],
                    "provider": ""
                },
                "aws_route_table_association.nat-subnet.1": {
                    "type": "aws_route_table_association",
                    "depends_on": [
                        "aws_route_table.internet",
                        "aws_subnet.public"
                    ],
                    "primary": {
                        "id": "rtbassoc-8470a2e3",
                        "attributes": {
                            "id": "rtbassoc-8470a2e3",
                            "route_table_id": "rtb-a0c4e0c4",
                            "subnet_id": "subnet-24e5bb40"
                        },
                        "meta": {},
                        "tainted": false
                    },
                    "deposed": [],
                    "provider": ""
                },
                "aws_route_table_association.private-subnet.0": {
                    "type": "aws_route_table_association",
                    "depends_on": [
                        "aws_route_table.nat-gateway",
                        "aws_subnet.private"
                    ],
                    "primary": {
                        "id": "rtbassoc-1b71a37c",
                        "attributes": {
                            "id": "rtbassoc-1b71a37c",
                            "route_table_id": "rtb-4cc5e128",
                            "subnet_id": "subnet-5f8cce29"
                        },
                        "meta": {},
                        "tainted": false
                    },
                    "deposed": [],
                    "provider": ""
                },
                "aws_route_table_association.private-subnet.1": {
                    "type": "aws_route_table_association",
                    "depends_on": [
                        "aws_route_table.nat-gateway",
                        "aws_subnet.private"
                    ],
                    "primary": {
                        "id": "rtbassoc-1a71a37d",
                        "attributes": {
                            "id": "rtbassoc-1a71a37d",
                            "route_table_id": "rtb-4ec5e12a",
                            "subnet_id": "subnet-25e5bb41"
                        },
                        "meta": {},
                        "tainted": false
                    },
                    "deposed": [],
                    "provider": ""
                },
                "aws_route_table_association.public-subnet.0": {
                    "type": "aws_route_table_association",
                    "depends_on": [
                        "aws_route_table.internet",
                        "aws_subnet.nat"
                    ],
                    "primary": {
                        "id": "rtbassoc-8370a2e4",
                        "attributes": {
                            "id": "rtbassoc-8370a2e4",
                            "route_table_id": "rtb-a0c4e0c4",
                            "subnet_id": "subnet-518cce27"
                        },
                        "meta": {},
                        "tainted": false
                    },
                    "deposed": [],
                    "provider": ""
                },
                "aws_route_table_association.public-subnet.1": {
                    "type": "aws_route_table_association",
                    "depends_on": [
                        "aws_route_table.internet",
                        "aws_subnet.nat"
                    ],
                    "primary": {
                        "id": "rtbassoc-8270a2e5",
                        "attributes": {
                            "id": "rtbassoc-8270a2e5",
                            "route_table_id": "rtb-a0c4e0c4",
                            "subnet_id": "subnet-5be5bb3f"
                        },
                        "meta": {},
                        "tainted": false
                    },
                    "deposed": [],
                    "provider": ""
                },
                "aws_subnet.nat.0": {
                    "type": "aws_subnet",
                    "depends_on": [
                        "aws_vpc.default"
                    ],
                    "primary": {
                        "id": "subnet-518cce27",
                        "attributes": {
                            "availability_zone": "ap-southeast-1a",
                            "cidr_block": "10.91.56.0/23",
                            "id": "subnet-518cce27",
                            "map_public_ip_on_launch": "false",
                            "tags.%": "1",
                            "tags.Name": "nat_ap-southeast-1a",
                            "vpc_id": "vpc-db4cdebf"
                        },
                        "meta": {},
                        "tainted": false
                    },
                    "deposed": [],
                    "provider": ""
                },
                "aws_subnet.nat.1": {
                    "type": "aws_subnet",
                    "depends_on": [
                        "aws_vpc.default"
                    ],
                    "primary": {
                        "id": "subnet-5be5bb3f",
                        "attributes": {
                            "availability_zone": "ap-southeast-1b",
                            "cidr_block": "10.91.58.0/23",
                            "id": "subnet-5be5bb3f",
                            "map_public_ip_on_launch": "false",
                            "tags.%": "1",
                            "tags.Name": "nat_ap-southeast-1b",
                            "vpc_id": "vpc-db4cdebf"
                        },
                        "meta": {},
                        "tainted": false
                    },
                    "deposed": [],
                    "provider": ""
                },
                "aws_subnet.private.0": {
                    "type": "aws_subnet",
                    "depends_on": [
                        "aws_vpc.default"
                    ],
                    "primary": {
                        "id": "subnet-5f8cce29",
                        "attributes": {
                            "availability_zone": "ap-southeast-1a",
                            "cidr_block": "10.91.48.0/23",
                            "id": "subnet-5f8cce29",
                            "map_public_ip_on_launch": "false",
                            "tags.%": "1",
                            "tags.Name": "private_ap-southeast-1a",
                            "vpc_id": "vpc-db4cdebf"
                        },
                        "meta": {},
                        "tainted": false
                    },
                    "deposed": [],
                    "provider": ""
                },
                "aws_subnet.private.1": {
                    "type": "aws_subnet",
                    "depends_on": [
                        "aws_vpc.default"
                    ],
                    "primary": {
                        "id": "subnet-25e5bb41",
                        "attributes": {
                            "availability_zone": "ap-southeast-1b",
                            "cidr_block": "10.91.50.0/23",
                            "id": "subnet-25e5bb41",
                            "map_public_ip_on_launch": "false",
                            "tags.%": "1",
                            "tags.Name": "private_ap-southeast-1b",
                            "vpc_id": "vpc-db4cdebf"
                        },
                        "meta": {},
                        "tainted": false
                    },
                    "deposed": [],
                    "provider": ""
                },
                "aws_subnet.public.0": {
                    "type": "aws_subnet",
                    "depends_on": [
                        "aws_vpc.default"
                    ],
                    "primary": {
                        "id": "subnet-5e8cce28",
                        "attributes": {
                            "availability_zone": "ap-southeast-1a",
                            "cidr_block": "10.91.52.0/23",
                            "id": "subnet-5e8cce28",
                            "map_public_ip_on_launch": "false",
                            "tags.%": "1",
                            "tags.Name": "public_ap-southeast-1a",
                            "vpc_id": "vpc-db4cdebf"
                        },
                        "meta": {},
                        "tainted": false
                    },
                    "deposed": [],
                    "provider": ""
                },
                "aws_subnet.public.1": {
                    "type": "aws_subnet",
                    "depends_on": [
                        "aws_vpc.default"
                    ],
                    "primary": {
                        "id": "subnet-24e5bb40",
                        "attributes": {
                            "availability_zone": "ap-southeast-1b",
                            "cidr_block": "10.91.54.0/23",
                            "id": "subnet-24e5bb40",
                            "map_public_ip_on_launch": "false",
                            "tags.%": "1",
                            "tags.Name": "public_ap-southeast-1b",
                            "vpc_id": "vpc-db4cdebf"
                        },
                        "meta": {},
                        "tainted": false
                    },
                    "deposed": [],
                    "provider": ""
                },
                "aws_vpc.default": {
                    "type": "aws_vpc",
                    "depends_on": [],
                    "primary": {
                        "id": "vpc-db4cdebf",
                        "attributes": {
                            "cidr_block": "10.91.48.0/20",
                            "default_network_acl_id": "acl-22da8d46",
                            "default_route_table_id": "rtb-f0dcf994",
                            "default_security_group_id": "sg-90abc9f7",
                            "dhcp_options_id": "default",
                            "enable_classiclink": "false",
                            "enable_dns_hostnames": "true",
                            "enable_dns_support": "true",
                            "id": "vpc-db4cdebf",
                            "instance_tenancy": "default",
                            "main_route_table_id": "rtb-f0dcf994",
                            "tags.%": "1",
                            "tags.Name": "rumah123-development"
                        },
                        "meta": {},
                        "tainted": false
                    },
                    "deposed": [],
                    "provider": ""
                },
                "aws_vpc_dhcp_options.default": {
                    "type": "aws_vpc_dhcp_options",
                    "depends_on": [],
                    "primary": {
                        "id": "dopt-1cbd1778",
                        "attributes": {
                            "domain_name": "development.rumah123-singapore.ipga.local",
                            "domain_name_servers.#": "2",
                            "domain_name_servers.0": "AmazonProvidedDNS",
                            "domain_name_servers.1": "10.91.48.2",
                            "id": "dopt-1cbd1778",
                            "tags.%": "1",
                            "tags.Name": "development.rumah123-singapore.ipga.local"
                        },
                        "meta": {},
                        "tainted": false
                    },
                    "deposed": [],
                    "provider": ""
                },
                "aws_vpc_dhcp_options_association.dns_resolver": {
                    "type": "aws_vpc_dhcp_options_association",
                    "depends_on": [
                        "aws_vpc.default",
                        "aws_vpc_dhcp_options.default"
                    ],
                    "primary": {
                        "id": "dopt-1cbd1778-vpc-db4cdebf",
                        "attributes": {
                            "dhcp_options_id": "dopt-1cbd1778",
                            "id": "dopt-1cbd1778-vpc-db4cdebf",
                            "vpc_id": "vpc-db4cdebf"
                        },
                        "meta": {},
                        "tainted": false
                    },
                    "deposed": [],
                    "provider": ""
                }
            },
            "depends_on": []
        }
    ]
}
