{
    "version": 3,
    "terraform_version": "0.9.8",
    "serial": 73,
    "lineage": "fb619cfc-4719-4b63-ba84-cfc8e3c4c3bb",
    "modules": [
        {
            "path": [
                "root"
            ],
            "outputs": {
                "aws_instance_id": {
                    "sensitive": false,
                    "type": "string",
                    "value": "i-05e7382c4f0b6793e"
                },
                "aws_instance_ip": {
                    "sensitive": false,
                    "type": "string",
                    "value": "13.228.84.236"
                },
                "aws_vpc_id": {
                    "sensitive": false,
                    "type": "string",
                    "value": "vpc-15d49571"
                },
                "instance_profile_name": {
                    "sensitive": false,
                    "type": "string",
                    "value": "s3-read-instance-porfile"
                },
                "private_subnets": {
                    "sensitive": false,
                    "type": "string",
                    "value": "subnet-5e727a3a,subnet-47655831"
                },
                "public_subnets": {
                    "sensitive": false,
                    "type": "string",
                    "value": "subnet-30737b54,subnet-cb6b56bd"
                }
            },
            "resources": {},
            "depends_on": []
        },
        {
            "path": [
                "root",
                "ec2_instance"
            ],
            "outputs": {
                "aws_instance_id": {
                    "sensitive": false,
                    "type": "string",
                    "value": "i-05e7382c4f0b6793e"
                },
                "aws_instance_ip": {
                    "sensitive": false,
                    "type": "string",
                    "value": "13.228.84.236"
                },
                "instance_profile_name": {
                    "sensitive": false,
                    "type": "string",
                    "value": "s3-read-instance-porfile"
                }
            },
            "resources": {
                "aws_eip.bastioneip": {
                    "type": "aws_eip",
                    "depends_on": [
                        "aws_instance.web"
                    ],
                    "primary": {
                        "id": "eipalloc-f5abad90",
                        "attributes": {
                            "association_id": "eipassoc-8352b4e5",
                            "domain": "vpc",
                            "id": "eipalloc-f5abad90",
                            "instance": "i-05e7382c4f0b6793e",
                            "network_interface": "eni-c1e2e7ba",
                            "private_ip": "10.89.128.105",
                            "public_ip": "13.228.84.236",
                            "vpc": "true"
                        },
                        "meta": {},
                        "tainted": false
                    },
                    "deposed": [],
                    "provider": ""
                },
                "aws_iam_instance_profile.s3-read": {
                    "type": "aws_iam_instance_profile",
                    "depends_on": [
                        "aws_iam_role.s3-read-role"
                    ],
                    "primary": {
                        "id": "s3-read-instance-porfile",
                        "attributes": {
                            "arn": "arn:aws:iam::680628493972:instance-profile/s3-read-instance-porfile",
                            "id": "s3-read-instance-porfile",
                            "name": "s3-read-instance-porfile",
                            "path": "/",
                            "role": "s3-read-iam-role",
                            "roles.#": "1",
                            "roles.4103310274": "s3-read-iam-role",
                            "unique_id": "AIPAIXJAE4RLFOMBQVW4S"
                        },
                        "meta": {},
                        "tainted": false
                    },
                    "deposed": [],
                    "provider": ""
                },
                "aws_iam_policy.s3-read": {
                    "type": "aws_iam_policy",
                    "depends_on": [
                        "data.aws_iam_policy_document.s3-read-iam-policy"
                    ],
                    "primary": {
                        "id": "arn:aws:iam::680628493972:policy/s3-read-iam-policy",
                        "attributes": {
                            "arn": "arn:aws:iam::680628493972:policy/s3-read-iam-policy",
                            "id": "arn:aws:iam::680628493972:policy/s3-read-iam-policy",
                            "name": "s3-read-iam-policy",
                            "path": "/",
                            "policy": "{\n    \"Version\": \"2012-10-17\",\n    \"Statement\": [\n        {\n            \"Sid\": \"1\",\n            \"Effect\": \"Allow\",\n            \"Action\": [\n                \"s3:List*\",\n                \"s3:Get*\"\n            ],\n            \"Resource\": \"*\"\n        }\n    ]\n}"
                        },
                        "meta": {},
                        "tainted": false
                    },
                    "deposed": [],
                    "provider": ""
                },
                "aws_iam_role.s3-read-role": {
                    "type": "aws_iam_role",
                    "depends_on": [],
                    "primary": {
                        "id": "s3-read-iam-role",
                        "attributes": {
                            "arn": "arn:aws:iam::680628493972:role/s3-read-iam-role",
                            "assume_role_policy": "{\"Version\":\"2012-10-17\",\"Statement\":[{\"Sid\":\"\",\"Effect\":\"Allow\",\"Principal\":{\"Service\":\"ec2.amazonaws.com\"},\"Action\":\"sts:AssumeRole\"}]}",
                            "create_date": "2017-06-16T10:47:49Z",
                            "id": "s3-read-iam-role",
                            "name": "s3-read-iam-role",
                            "path": "/",
                            "unique_id": "AROAJNBG565TPKZ75LCLQ"
                        },
                        "meta": {},
                        "tainted": false
                    },
                    "deposed": [],
                    "provider": ""
                },
                "aws_iam_role_policy.s3-read-policy": {
                    "type": "aws_iam_role_policy",
                    "depends_on": [
                        "aws_iam_role.s3-read-role"
                    ],
                    "primary": {
                        "id": "s3-read-iam-role:s3-read-role-policy",
                        "attributes": {
                            "id": "s3-read-iam-role:s3-read-role-policy",
                            "name": "s3-read-role-policy",
                            "policy": "{\n   \"Version\":\"2012-10-17\",\n   \"Statement\":[\n      {\n         \"Effect\":\"Allow\",\n         \"Action\":[\n            \"s3:Get*\",\n            \"s3:List*\"\n         ],\n         \"Resource\":\"*\"\n      }\n   ]\n}\n",
                            "role": "s3-read-iam-role"
                        },
                        "meta": {},
                        "tainted": false
                    },
                    "deposed": [],
                    "provider": ""
                },
                "aws_instance.web": {
                    "type": "aws_instance",
                    "depends_on": [
                        "aws_iam_instance_profile.s3-read",
                        "aws_security_group.bastion_ssh_sg"
                    ],
                    "primary": {
                        "id": "i-05e7382c4f0b6793e",
                        "attributes": {
                            "ami": "ami-fc5ae39f",
                            "associate_public_ip_address": "true",
                            "availability_zone": "ap-southeast-1a",
                            "disable_api_termination": "false",
                            "ebs_block_device.#": "0",
                            "ebs_optimized": "false",
                            "ephemeral_block_device.#": "0",
                            "iam_instance_profile": "s3-read-instance-porfile",
                            "id": "i-05e7382c4f0b6793e",
                            "instance_state": "running",
                            "instance_type": "t2.micro",
                            "ipv6_address_count": "0",
                            "ipv6_addresses.#": "0",
                            "key_name": "awscloud-thinkofliving-development",
                            "monitoring": "false",
                            "network_interface.#": "0",
                            "network_interface_id": "eni-c1e2e7ba",
                            "primary_network_interface_id": "eni-c1e2e7ba",
                            "private_dns": "ip-10-89-128-105.ap-southeast-1.compute.internal",
                            "private_ip": "10.89.128.105",
                            "public_dns": "ec2-13-228-84-236.ap-southeast-1.compute.amazonaws.com",
                            "public_ip": "13.228.84.236",
                            "root_block_device.#": "1",
                            "root_block_device.0.delete_on_termination": "true",
                            "root_block_device.0.iops": "100",
                            "root_block_device.0.volume_size": "8",
                            "root_block_device.0.volume_type": "gp2",
                            "security_groups.#": "0",
                            "source_dest_check": "true",
                            "subnet_id": "subnet-30737b54",
                            "tags.%": "1",
                            "tags.Name": "bastion",
                            "tenancy": "default",
                            "volume_tags.%": "0",
                            "vpc_security_group_ids.#": "1",
                            "vpc_security_group_ids.2811982218": "sg-ba1923dd"
                        },
                        "meta": {
                            "schema_version": "1"
                        },
                        "tainted": false
                    },
                    "deposed": [],
                    "provider": ""
                },
                "aws_security_group.bastion_ssh_sg": {
                    "type": "aws_security_group",
                    "depends_on": [],
                    "primary": {
                        "id": "sg-ba1923dd",
                        "attributes": {
                            "description": "Allow SSH to Bastion host from approved ranges",
                            "egress.#": "1",
                            "egress.482069346.cidr_blocks.#": "1",
                            "egress.482069346.cidr_blocks.0": "0.0.0.0/0",
                            "egress.482069346.from_port": "0",
                            "egress.482069346.ipv6_cidr_blocks.#": "0",
                            "egress.482069346.prefix_list_ids.#": "0",
                            "egress.482069346.protocol": "-1",
                            "egress.482069346.security_groups.#": "0",
                            "egress.482069346.self": "false",
                            "egress.482069346.to_port": "0",
                            "id": "sg-ba1923dd",
                            "ingress.#": "2",
                            "ingress.1799340084.cidr_blocks.#": "1",
                            "ingress.1799340084.cidr_blocks.0": "0.0.0.0/0",
                            "ingress.1799340084.from_port": "-1",
                            "ingress.1799340084.ipv6_cidr_blocks.#": "0",
                            "ingress.1799340084.protocol": "icmp",
                            "ingress.1799340084.security_groups.#": "0",
                            "ingress.1799340084.self": "false",
                            "ingress.1799340084.to_port": "-1",
                            "ingress.2541437006.cidr_blocks.#": "1",
                            "ingress.2541437006.cidr_blocks.0": "0.0.0.0/0",
                            "ingress.2541437006.from_port": "22",
                            "ingress.2541437006.ipv6_cidr_blocks.#": "0",
                            "ingress.2541437006.protocol": "tcp",
                            "ingress.2541437006.security_groups.#": "0",
                            "ingress.2541437006.self": "false",
                            "ingress.2541437006.to_port": "22",
                            "name": "Bastion-sg",
                            "owner_id": "680628493972",
                            "tags.%": "1",
                            "tags.Name": "bastion-sg",
                            "vpc_id": "vpc-15d49571"
                        },
                        "meta": {},
                        "tainted": false
                    },
                    "deposed": [],
                    "provider": ""
                },
                "data.aws_iam_policy_document.s3-read-iam-policy": {
                    "type": "aws_iam_policy_document",
                    "depends_on": [],
                    "primary": {
                        "id": "3361363923",
                        "attributes": {
                            "id": "3361363923",
                            "json": "{\n  \"Version\": \"2012-10-17\",\n  \"Statement\": [\n    {\n      \"Sid\": \"1\",\n      \"Effect\": \"Allow\",\n      \"Action\": [\n        \"s3:List*\",\n        \"s3:Get*\"\n      ],\n      \"Resource\": \"*\"\n    }\n  ]\n}",
                            "statement.#": "1",
                            "statement.0.actions.#": "2",
                            "statement.0.actions.270841078": "s3:Get*",
                            "statement.0.actions.819753189": "s3:List*",
                            "statement.0.condition.#": "0",
                            "statement.0.effect": "Allow",
                            "statement.0.not_actions.#": "0",
                            "statement.0.not_principals.#": "0",
                            "statement.0.not_resources.#": "0",
                            "statement.0.principals.#": "0",
                            "statement.0.resources.#": "1",
                            "statement.0.resources.2679715827": "*",
                            "statement.0.sid": "1"
                        },
                        "meta": {},
                        "tainted": false
                    },
                    "deposed": [],
                    "provider": ""
                }
            },
            "depends_on": []
        },
        {
            "path": [
                "root",
                "vpc"
            ],
            "outputs": {
                "aws_vpc_id": {
                    "sensitive": false,
                    "type": "string",
                    "value": "vpc-15d49571"
                },
                "private_subnets": {
                    "sensitive": false,
                    "type": "string",
                    "value": "subnet-5e727a3a,subnet-47655831"
                },
                "public_subnets": {
                    "sensitive": false,
                    "type": "string",
                    "value": "subnet-30737b54,subnet-cb6b56bd"
                }
            },
            "resources": {
                "aws_eip.nat.0": {
                    "type": "aws_eip",
                    "depends_on": [
                        "aws_internet_gateway.gw"
                    ],
                    "primary": {
                        "id": "eipalloc-f2a9af97",
                        "attributes": {
                            "association_id": "eipassoc-e352b485",
                            "domain": "vpc",
                            "id": "eipalloc-f2a9af97",
                            "instance": "",
                            "network_interface": "eni-69e0e512",
                            "private_ip": "10.89.129.148",
                            "public_ip": "54.169.12.185",
                            "vpc": "true"
                        },
                        "meta": {},
                        "tainted": false
                    },
                    "deposed": [],
                    "provider": ""
                },
                "aws_eip.nat.1": {
                    "type": "aws_eip",
                    "depends_on": [
                        "aws_internet_gateway.gw"
                    ],
                    "primary": {
                        "id": "eipalloc-baa8aedf",
                        "attributes": {
                            "association_id": "eipassoc-cd55b3ab",
                            "domain": "vpc",
                            "id": "eipalloc-baa8aedf",
                            "instance": "",
                            "network_interface": "eni-0f705342",
                            "private_ip": "10.89.131.163",
                            "public_ip": "13.228.103.30",
                            "vpc": "true"
                        },
                        "meta": {},
                        "tainted": false
                    },
                    "deposed": [],
                    "provider": ""
                },
                "aws_internet_gateway.gw": {
                    "type": "aws_internet_gateway",
                    "depends_on": [
                        "aws_vpc.default"
                    ],
                    "primary": {
                        "id": "igw-856a76e0",
                        "attributes": {
                            "id": "igw-856a76e0",
                            "tags.%": "1",
                            "tags.Name": "Internet-gateway-think-ofliving-dev-vpc",
                            "vpc_id": "vpc-15d49571"
                        },
                        "meta": {},
                        "tainted": false
                    },
                    "deposed": [],
                    "provider": ""
                },
                "aws_nat_gateway.default.0": {
                    "type": "aws_nat_gateway",
                    "depends_on": [
                        "aws_eip.nat.*",
                        "aws_internet_gateway.gw",
                        "aws_subnet.Public-Subnet.*"
                    ],
                    "primary": {
                        "id": "nat-0ed29d742975a0ba0",
                        "attributes": {
                            "allocation_id": "eipalloc-f2a9af97",
                            "id": "nat-0ed29d742975a0ba0",
                            "network_interface_id": "eni-69e0e512",
                            "private_ip": "10.89.129.148",
                            "public_ip": "54.169.12.185",
                            "subnet_id": "subnet-30737b54"
                        },
                        "meta": {},
                        "tainted": false
                    },
                    "deposed": [],
                    "provider": ""
                },
                "aws_nat_gateway.default.1": {
                    "type": "aws_nat_gateway",
                    "depends_on": [
                        "aws_eip.nat.*",
                        "aws_internet_gateway.gw",
                        "aws_subnet.Public-Subnet.*"
                    ],
                    "primary": {
                        "id": "nat-04c916f20cf14e298",
                        "attributes": {
                            "allocation_id": "eipalloc-baa8aedf",
                            "id": "nat-04c916f20cf14e298",
                            "network_interface_id": "eni-0f705342",
                            "private_ip": "10.89.131.163",
                            "public_ip": "13.228.103.30",
                            "subnet_id": "subnet-cb6b56bd"
                        },
                        "meta": {},
                        "tainted": false
                    },
                    "deposed": [],
                    "provider": ""
                },
                "aws_network_acl.public_acl": {
                    "type": "aws_network_acl",
                    "depends_on": [
                        "aws_subnet.Public-Subnet.*",
                        "aws_vpc.default"
                    ],
                    "primary": {
                        "id": "acl-f5424f91",
                        "attributes": {
                            "egress.#": "1",
                            "egress.1564094202.action": "allow",
                            "egress.1564094202.cidr_block": "0.0.0.0/0",
                            "egress.1564094202.from_port": "0",
                            "egress.1564094202.icmp_code": "0",
                            "egress.1564094202.icmp_type": "0",
                            "egress.1564094202.ipv6_cidr_block": "",
                            "egress.1564094202.protocol": "-1",
                            "egress.1564094202.rule_no": "1",
                            "egress.1564094202.to_port": "0",
                            "id": "acl-f5424f91",
                            "ingress.#": "9",
                            "ingress.1480734978.action": "allow",
                            "ingress.1480734978.cidr_block": "0.0.0.0/0",
                            "ingress.1480734978.from_port": "80",
                            "ingress.1480734978.icmp_code": "0",
                            "ingress.1480734978.icmp_type": "0",
                            "ingress.1480734978.ipv6_cidr_block": "",
                            "ingress.1480734978.protocol": "6",
                            "ingress.1480734978.rule_no": "2",
                            "ingress.1480734978.to_port": "80",
                            "ingress.1482908159.action": "allow",
                            "ingress.1482908159.cidr_block": "0.0.0.0/0",
                            "ingress.1482908159.from_port": "1024",
                            "ingress.1482908159.icmp_code": "0",
                            "ingress.1482908159.icmp_type": "0",
                            "ingress.1482908159.ipv6_cidr_block": "",
                            "ingress.1482908159.protocol": "17",
                            "ingress.1482908159.rule_no": "5",
                            "ingress.1482908159.to_port": "65535",
                            "ingress.1714384807.action": "allow",
                            "ingress.1714384807.cidr_block": "121.122.7.17/32",
                            "ingress.1714384807.from_port": "22",
                            "ingress.1714384807.icmp_code": "0",
                            "ingress.1714384807.icmp_type": "0",
                            "ingress.1714384807.ipv6_cidr_block": "",
                            "ingress.1714384807.protocol": "6",
                            "ingress.1714384807.rule_no": "9",
                            "ingress.1714384807.to_port": "22",
                            "ingress.2290139702.action": "allow",
                            "ingress.2290139702.cidr_block": "0.0.0.0/0",
                            "ingress.2290139702.from_port": "123",
                            "ingress.2290139702.icmp_code": "0",
                            "ingress.2290139702.icmp_type": "0",
                            "ingress.2290139702.ipv6_cidr_block": "",
                            "ingress.2290139702.protocol": "17",
                            "ingress.2290139702.rule_no": "6",
                            "ingress.2290139702.to_port": "123",
                            "ingress.2355389216.action": "allow",
                            "ingress.2355389216.cidr_block": "10.89.128.0/20",
                            "ingress.2355389216.from_port": "0",
                            "ingress.2355389216.icmp_code": "0",
                            "ingress.2355389216.icmp_type": "0",
                            "ingress.2355389216.ipv6_cidr_block": "",
                            "ingress.2355389216.protocol": "-1",
                            "ingress.2355389216.rule_no": "1",
                            "ingress.2355389216.to_port": "0",
                            "ingress.2725550232.action": "allow",
                            "ingress.2725550232.cidr_block": "10.89.128.0/20",
                            "ingress.2725550232.from_port": "22",
                            "ingress.2725550232.icmp_code": "0",
                            "ingress.2725550232.icmp_type": "0",
                            "ingress.2725550232.ipv6_cidr_block": "",
                            "ingress.2725550232.protocol": "6",
                            "ingress.2725550232.rule_no": "8",
                            "ingress.2725550232.to_port": "22",
                            "ingress.2865860948.action": "allow",
                            "ingress.2865860948.cidr_block": "0.0.0.0/0",
                            "ingress.2865860948.from_port": "0",
                            "ingress.2865860948.icmp_code": "-1",
                            "ingress.2865860948.icmp_type": "-1",
                            "ingress.2865860948.ipv6_cidr_block": "",
                            "ingress.2865860948.protocol": "1",
                            "ingress.2865860948.rule_no": "7",
                            "ingress.2865860948.to_port": "0",
                            "ingress.3232384375.action": "allow",
                            "ingress.3232384375.cidr_block": "0.0.0.0/0",
                            "ingress.3232384375.from_port": "443",
                            "ingress.3232384375.icmp_code": "0",
                            "ingress.3232384375.icmp_type": "0",
                            "ingress.3232384375.ipv6_cidr_block": "",
                            "ingress.3232384375.protocol": "6",
                            "ingress.3232384375.rule_no": "3",
                            "ingress.3232384375.to_port": "443",
                            "ingress.754991314.action": "allow",
                            "ingress.754991314.cidr_block": "0.0.0.0/0",
                            "ingress.754991314.from_port": "1024",
                            "ingress.754991314.icmp_code": "0",
                            "ingress.754991314.icmp_type": "0",
                            "ingress.754991314.ipv6_cidr_block": "",
                            "ingress.754991314.protocol": "6",
                            "ingress.754991314.rule_no": "4",
                            "ingress.754991314.to_port": "65535",
                            "subnet_ids.#": "2",
                            "subnet_ids.1436035503": "subnet-30737b54",
                            "subnet_ids.636928937": "subnet-cb6b56bd",
                            "tags.%": "1",
                            "tags.Name": "Public_nacl",
                            "vpc_id": "vpc-15d49571"
                        },
                        "meta": {},
                        "tainted": false
                    },
                    "deposed": [],
                    "provider": ""
                },
                "aws_route_table.Private-route-table.0": {
                    "type": "aws_route_table",
                    "depends_on": [
                        "aws_nat_gateway.default.*",
                        "aws_vpc.default"
                    ],
                    "primary": {
                        "id": "rtb-b46b77d0",
                        "attributes": {
                            "id": "rtb-b46b77d0",
                            "propagating_vgws.#": "0",
                            "route.#": "1",
                            "route.3571561870.cidr_block": "0.0.0.0/0",
                            "route.3571561870.egress_only_gateway_id": "",
                            "route.3571561870.gateway_id": "",
                            "route.3571561870.instance_id": "",
                            "route.3571561870.ipv6_cidr_block": "",
                            "route.3571561870.nat_gateway_id": "nat-0ed29d742975a0ba0",
                            "route.3571561870.network_interface_id": "",
                            "route.3571561870.vpc_peering_connection_id": "",
                            "tags.%": "1",
                            "tags.Name": "private_ap-southeast-1a",
                            "vpc_id": "vpc-15d49571"
                        },
                        "meta": {},
                        "tainted": false
                    },
                    "deposed": [],
                    "provider": ""
                },
                "aws_route_table.Private-route-table.1": {
                    "type": "aws_route_table",
                    "depends_on": [
                        "aws_nat_gateway.default.*",
                        "aws_vpc.default"
                    ],
                    "primary": {
                        "id": "rtb-36657952",
                        "attributes": {
                            "id": "rtb-36657952",
                            "propagating_vgws.#": "0",
                            "route.#": "1",
                            "route.2523069365.cidr_block": "0.0.0.0/0",
                            "route.2523069365.egress_only_gateway_id": "",
                            "route.2523069365.gateway_id": "",
                            "route.2523069365.instance_id": "",
                            "route.2523069365.ipv6_cidr_block": "",
                            "route.2523069365.nat_gateway_id": "nat-04c916f20cf14e298",
                            "route.2523069365.network_interface_id": "",
                            "route.2523069365.vpc_peering_connection_id": "",
                            "tags.%": "1",
                            "tags.Name": "private_ap-southeast-1b",
                            "vpc_id": "vpc-15d49571"
                        },
                        "meta": {},
                        "tainted": false
                    },
                    "deposed": [],
                    "provider": ""
                },
                "aws_route_table.Public-route-table": {
                    "type": "aws_route_table",
                    "depends_on": [
                        "aws_internet_gateway.gw",
                        "aws_vpc.default"
                    ],
                    "primary": {
                        "id": "rtb-cc6579a8",
                        "attributes": {
                            "id": "rtb-cc6579a8",
                            "propagating_vgws.#": "0",
                            "route.#": "1",
                            "route.2515194364.cidr_block": "0.0.0.0/0",
                            "route.2515194364.egress_only_gateway_id": "",
                            "route.2515194364.gateway_id": "igw-856a76e0",
                            "route.2515194364.instance_id": "",
                            "route.2515194364.ipv6_cidr_block": "",
                            "route.2515194364.nat_gateway_id": "",
                            "route.2515194364.network_interface_id": "",
                            "route.2515194364.vpc_peering_connection_id": "",
                            "tags.%": "1",
                            "tags.Name": "Public-route-table",
                            "vpc_id": "vpc-15d49571"
                        },
                        "meta": {},
                        "tainted": false
                    },
                    "deposed": [],
                    "provider": ""
                },
                "aws_route_table_association.priv_route_associate.0": {
                    "type": "aws_route_table_association",
                    "depends_on": [
                        "aws_route_table.Private-route-table.*",
                        "aws_subnet.Private-Subnet.*"
                    ],
                    "primary": {
                        "id": "rtbassoc-66a43f01",
                        "attributes": {
                            "id": "rtbassoc-66a43f01",
                            "route_table_id": "rtb-b46b77d0",
                            "subnet_id": "subnet-5e727a3a"
                        },
                        "meta": {},
                        "tainted": false
                    },
                    "deposed": [],
                    "provider": ""
                },
                "aws_route_table_association.priv_route_associate.1": {
                    "type": "aws_route_table_association",
                    "depends_on": [
                        "aws_route_table.Private-route-table.*",
                        "aws_subnet.Private-Subnet.*"
                    ],
                    "primary": {
                        "id": "rtbassoc-ab5bc0cc",
                        "attributes": {
                            "id": "rtbassoc-ab5bc0cc",
                            "route_table_id": "rtb-36657952",
                            "subnet_id": "subnet-47655831"
                        },
                        "meta": {},
                        "tainted": false
                    },
                    "deposed": [],
                    "provider": ""
                },
                "aws_route_table_association.pub_route_associate.0": {
                    "type": "aws_route_table_association",
                    "depends_on": [
                        "aws_route_table.Public-route-table",
                        "aws_subnet.Public-Subnet.*"
                    ],
                    "primary": {
                        "id": "rtbassoc-07a53e60",
                        "attributes": {
                            "id": "rtbassoc-07a53e60",
                            "route_table_id": "rtb-cc6579a8",
                            "subnet_id": "subnet-30737b54"
                        },
                        "meta": {},
                        "tainted": false
                    },
                    "deposed": [],
                    "provider": ""
                },
                "aws_route_table_association.pub_route_associate.1": {
                    "type": "aws_route_table_association",
                    "depends_on": [
                        "aws_route_table.Public-route-table",
                        "aws_subnet.Public-Subnet.*"
                    ],
                    "primary": {
                        "id": "rtbassoc-a35bc0c4",
                        "attributes": {
                            "id": "rtbassoc-a35bc0c4",
                            "route_table_id": "rtb-cc6579a8",
                            "subnet_id": "subnet-cb6b56bd"
                        },
                        "meta": {},
                        "tainted": false
                    },
                    "deposed": [],
                    "provider": ""
                },
                "aws_subnet.Private-Subnet.0": {
                    "type": "aws_subnet",
                    "depends_on": [
                        "aws_vpc.default"
                    ],
                    "primary": {
                        "id": "subnet-5e727a3a",
                        "attributes": {
                            "assign_ipv6_address_on_creation": "false",
                            "availability_zone": "ap-southeast-1a",
                            "cidr_block": "10.89.132.0/23",
                            "id": "subnet-5e727a3a",
                            "map_public_ip_on_launch": "true",
                            "tags.%": "1",
                            "tags.Name": "private_ap-southeast-1a-subnet",
                            "vpc_id": "vpc-15d49571"
                        },
                        "meta": {
                            "schema_version": "1"
                        },
                        "tainted": false
                    },
                    "deposed": [],
                    "provider": ""
                },
                "aws_subnet.Private-Subnet.1": {
                    "type": "aws_subnet",
                    "depends_on": [
                        "aws_vpc.default"
                    ],
                    "primary": {
                        "id": "subnet-47655831",
                        "attributes": {
                            "assign_ipv6_address_on_creation": "false",
                            "availability_zone": "ap-southeast-1b",
                            "cidr_block": "10.89.134.0/23",
                            "id": "subnet-47655831",
                            "map_public_ip_on_launch": "true",
                            "tags.%": "1",
                            "tags.Name": "private_ap-southeast-1b-subnet",
                            "vpc_id": "vpc-15d49571"
                        },
                        "meta": {
                            "schema_version": "1"
                        },
                        "tainted": false
                    },
                    "deposed": [],
                    "provider": ""
                },
                "aws_subnet.Public-Subnet.0": {
                    "type": "aws_subnet",
                    "depends_on": [
                        "aws_vpc.default"
                    ],
                    "primary": {
                        "id": "subnet-30737b54",
                        "attributes": {
                            "assign_ipv6_address_on_creation": "false",
                            "availability_zone": "ap-southeast-1a",
                            "cidr_block": "10.89.128.0/23",
                            "id": "subnet-30737b54",
                            "map_public_ip_on_launch": "true",
                            "tags.%": "1",
                            "tags.Name": "public_ap-southeast-1a-subnet",
                            "vpc_id": "vpc-15d49571"
                        },
                        "meta": {
                            "schema_version": "1"
                        },
                        "tainted": false
                    },
                    "deposed": [],
                    "provider": ""
                },
                "aws_subnet.Public-Subnet.1": {
                    "type": "aws_subnet",
                    "depends_on": [
                        "aws_vpc.default"
                    ],
                    "primary": {
                        "id": "subnet-cb6b56bd",
                        "attributes": {
                            "assign_ipv6_address_on_creation": "false",
                            "availability_zone": "ap-southeast-1b",
                            "cidr_block": "10.89.130.0/23",
                            "id": "subnet-cb6b56bd",
                            "map_public_ip_on_launch": "true",
                            "tags.%": "1",
                            "tags.Name": "public_ap-southeast-1b-subnet",
                            "vpc_id": "vpc-15d49571"
                        },
                        "meta": {
                            "schema_version": "1"
                        },
                        "tainted": false
                    },
                    "deposed": [],
                    "provider": ""
                },
                "aws_vpc.default": {
                    "type": "aws_vpc",
                    "depends_on": [],
                    "primary": {
                        "id": "vpc-15d49571",
                        "attributes": {
                            "assign_generated_ipv6_cidr_block": "false",
                            "cidr_block": "10.89.128.0/20",
                            "default_network_acl_id": "acl-79434e1d",
                            "default_route_table_id": "rtb-2865794c",
                            "default_security_group_id": "sg-bb1923dc",
                            "dhcp_options_id": "dopt-a9690ecd",
                            "enable_classiclink": "false",
                            "enable_dns_hostnames": "true",
                            "enable_dns_support": "true",
                            "id": "vpc-15d49571",
                            "instance_tenancy": "default",
                            "main_route_table_id": "rtb-2865794c",
                            "tags.%": "1",
                            "tags.Name": "think-ofliving-dev-vpc-terraform"
                        },
                        "meta": {
                            "schema_version": "1"
                        },
                        "tainted": false
                    },
                    "deposed": [],
                    "provider": ""
                },
                "aws_vpc_dhcp_options.dns_resolver": {
                    "type": "aws_vpc_dhcp_options",
                    "depends_on": [],
                    "primary": {
                        "id": "dopt-a9690ecd",
                        "attributes": {
                            "domain_name": "think-ofliving.ipp.local",
                            "domain_name_servers.#": "2",
                            "domain_name_servers.0": "AmazonProvidedDNS",
                            "domain_name_servers.1": "10.89.128.2",
                            "id": "dopt-a9690ecd",
                            "tags.%": "1",
                            "tags.Name": "think-ofliving-dev-vpc-dhcp-option"
                        },
                        "meta": {},
                        "tainted": false
                    },
                    "deposed": [],
                    "provider": ""
                },
                "aws_vpc_dhcp_options_association.dns_resolver": {
                    "type": "aws_vpc_dhcp_options_association",
                    "depends_on": [
                        "aws_vpc.default",
                        "aws_vpc_dhcp_options.dns_resolver"
                    ],
                    "primary": {
                        "id": "dopt-a9690ecd-vpc-15d49571",
                        "attributes": {
                            "dhcp_options_id": "dopt-a9690ecd",
                            "id": "dopt-a9690ecd-vpc-15d49571",
                            "vpc_id": "vpc-15d49571"
                        },
                        "meta": {},
                        "tainted": false
                    },
                    "deposed": [],
                    "provider": ""
                },
                "aws_vpc_endpoint.private-s3.0": {
                    "type": "aws_vpc_endpoint",
                    "depends_on": [
                        "aws_route_table.Private-route-table.*",
                        "aws_vpc.default"
                    ],
                    "primary": {
                        "id": "vpce-55834b3c",
                        "attributes": {
                            "cidr_blocks.#": "4",
                            "cidr_blocks.0": "52.219.32.0/21",
                            "cidr_blocks.1": "52.219.40.0/22",
                            "cidr_blocks.2": "54.231.240.0/22",
                            "cidr_blocks.3": "52.219.76.0/22",
                            "id": "vpce-55834b3c",
                            "policy": "{\"Statement\":[{\"Action\":\"*\",\"Effect\":\"Allow\",\"Principal\":\"*\",\"Resource\":\"*\"}],\"Version\":\"2008-10-17\"}",
                            "prefix_list_id": "pl-6fa54006",
                            "route_table_ids.#": "1",
                            "route_table_ids.3478127316": "rtb-b46b77d0",
                            "service_name": "com.amazonaws.ap-southeast-1.s3",
                            "vpc_id": "vpc-15d49571"
                        },
                        "meta": {},
                        "tainted": false
                    },
                    "deposed": [],
                    "provider": ""
                },
                "aws_vpc_endpoint.private-s3.1": {
                    "type": "aws_vpc_endpoint",
                    "depends_on": [
                        "aws_route_table.Private-route-table.*",
                        "aws_vpc.default"
                    ],
                    "primary": {
                        "id": "vpce-42824a2b",
                        "attributes": {
                            "cidr_blocks.#": "4",
                            "cidr_blocks.0": "52.219.32.0/21",
                            "cidr_blocks.1": "52.219.40.0/22",
                            "cidr_blocks.2": "54.231.240.0/22",
                            "cidr_blocks.3": "52.219.76.0/22",
                            "id": "vpce-42824a2b",
                            "policy": "{\"Statement\":[{\"Action\":\"*\",\"Effect\":\"Allow\",\"Principal\":\"*\",\"Resource\":\"*\"}],\"Version\":\"2008-10-17\"}",
                            "prefix_list_id": "pl-6fa54006",
                            "route_table_ids.#": "1",
                            "route_table_ids.205574989": "rtb-36657952",
                            "service_name": "com.amazonaws.ap-southeast-1.s3",
                            "vpc_id": "vpc-15d49571"
                        },
                        "meta": {},
                        "tainted": false
                    },
                    "deposed": [],
                    "provider": ""
                }
            },
            "depends_on": []
        }
    ]
}
