{
    "version": 3,
    "terraform_version": "0.9.2",
    "serial": 2,
    "lineage": "8bc00072-b96f-4a04-b9ee-f03aadaa063e",
    "modules": [
        {
            "path": [
                "root"
            ],
            "outputs": {
                "aws_vpc_id": {
                    "sensitive": false,
                    "type": "string",
                    "value": "vpc-78bbdf1c"
                },
                "bastion_public_ip": {
                    "sensitive": false,
                    "type": "string",
                    "value": "13.228.16.166"
                },
                "nat_subnets": {
                    "sensitive": false,
                    "type": "string",
                    "value": "subnet-b29cbcd6,subnet-f30c5885"
                },
                "private_subnets": {
                    "sensitive": false,
                    "type": "string",
                    "value": "subnet-129cbc76,subnet-a70357d1"
                },
                "public_subnets": {
                    "sensitive": false,
                    "type": "string",
                    "value": "subnet-b19cbcd5,subnet-17025661"
                },
                "ssh_from_bastion_sg_id": {
                    "sensitive": false,
                    "type": "string",
                    "value": "sg-66d0af01"
                }
            },
            "resources": {},
            "depends_on": []
        },
        {
            "path": [
                "root",
                "bastion"
            ],
            "outputs": {
                "bastion_public_ip": {
                    "sensitive": false,
                    "type": "string",
                    "value": "13.228.16.166"
                },
                "ssh_from_bastion_sg_id": {
                    "sensitive": false,
                    "type": "string",
                    "value": "sg-66d0af01"
                }
            },
            "resources": {
                "aws_eip.bastion": {
                    "type": "aws_eip",
                    "depends_on": [
                        "aws_instance.bastion"
                    ],
                    "primary": {
                        "id": "eipalloc-998baffc",
                        "attributes": {
                            "association_id": "eipassoc-af6a3fc8",
                            "domain": "vpc",
                            "id": "eipalloc-998baffc",
                            "instance": "i-00592d40ae63041fd",
                            "network_interface": "eni-79b41502",
                            "private_ip": "10.90.128.165",
                            "public_ip": "13.228.16.166",
                            "vpc": "true"
                        },
                        "meta": {},
                        "tainted": false
                    },
                    "deposed": [],
                    "provider": ""
                },
                "aws_iam_instance_profile.s3-read": {
                    "type": "aws_iam_instance_profile",
                    "depends_on": [
                        "aws_iam_role.s3-read"
                    ],
                    "primary": {
                        "id": "s3-read",
                        "attributes": {
                            "arn": "arn:aws:iam::951363673468:instance-profile/s3-read",
                            "id": "s3-read",
                            "name": "s3-read",
                            "path": "/",
                            "roles.#": "1",
                            "roles.1111495941": "s3-read",
                            "unique_id": "AIPAJLRAEXJ7ELJTUYEOW"
                        },
                        "meta": {},
                        "tainted": false
                    },
                    "deposed": [],
                    "provider": ""
                },
                "aws_iam_policy.s3-read": {
                    "type": "aws_iam_policy",
                    "depends_on": [
                        "data.aws_iam_policy_document.s3-read"
                    ],
                    "primary": {
                        "id": "arn:aws:iam::951363673468:policy/s3-read",
                        "attributes": {
                            "arn": "arn:aws:iam::951363673468:policy/s3-read",
                            "id": "arn:aws:iam::951363673468:policy/s3-read",
                            "name": "s3-read",
                            "path": "/",
                            "policy": "{\n  \"Version\": \"2012-10-17\",\n  \"Statement\": [\n    {\n      \"Sid\": \"1\",\n      \"Effect\": \"Allow\",\n      \"Action\": [\n        \"s3:List*\",\n        \"s3:Get*\"\n      ],\n      \"Resource\": \"*\"\n    }\n  ]\n}"
                        },
                        "meta": {},
                        "tainted": false
                    },
                    "deposed": [],
                    "provider": ""
                },
                "aws_iam_role.s3-read": {
                    "type": "aws_iam_role",
                    "depends_on": [],
                    "primary": {
                        "id": "s3-read",
                        "attributes": {
                            "arn": "arn:aws:iam::951363673468:role/s3-read",
                            "assume_role_policy": "{\n   \"Version\":\"2012-10-17\",\n   \"Statement\":[\n      {\n         \"Action\":\"sts:AssumeRole\",\n         \"Principal\":{\n            \"Service\":\"ec2.amazonaws.com\"\n         },\n         \"Effect\":\"Allow\",\n         \"Sid\":\"\"\n      }\n   ]\n}\n",
                            "create_date": "2017-04-10T09:05:32Z",
                            "id": "s3-read",
                            "name": "s3-read",
                            "path": "/",
                            "unique_id": "AROAIZVMDIPJ3VO5WJ4CQ"
                        },
                        "meta": {},
                        "tainted": false
                    },
                    "deposed": [],
                    "provider": ""
                },
                "aws_iam_role_policy.s3-read": {
                    "type": "aws_iam_role_policy",
                    "depends_on": [
                        "aws_iam_role.s3-read"
                    ],
                    "primary": {
                        "id": "s3-read:s3-read",
                        "attributes": {
                            "id": "s3-read:s3-read",
                            "name": "s3-read",
                            "policy": "{\n   \"Version\":\"2012-10-17\",\n   \"Statement\":[\n      {\n         \"Effect\":\"Allow\",\n         \"Action\":[\n            \"s3:Get*\",\n            \"s3:List*\"\n         ],\n         \"Resource\":\"*\"\n      }\n   ]\n}\n",
                            "role": "s3-read"
                        },
                        "meta": {},
                        "tainted": false
                    },
                    "deposed": [],
                    "provider": ""
                },
                "aws_instance.bastion": {
                    "type": "aws_instance",
                    "depends_on": [
                        "aws_security_group.bastion_ssh_sg",
                        "data.template_file.user_data"
                    ],
                    "primary": {
                        "id": "i-00592d40ae63041fd",
                        "attributes": {
                            "ami": "ami-dc9339bf",
                            "associate_public_ip_address": "true",
                            "availability_zone": "ap-southeast-1a",
                            "disable_api_termination": "false",
                            "ebs_block_device.#": "0",
                            "ebs_optimized": "false",
                            "ephemeral_block_device.#": "0",
                            "iam_instance_profile": "s3-read",
                            "id": "i-00592d40ae63041fd",
                            "instance_state": "running",
                            "instance_type": "t2.micro",
                            "ipv6_address_count": "0",
                            "ipv6_addresses.#": "0",
                            "key_name": "awscloud-ipropertysg-development-singapore",
                            "monitoring": "false",
                            "network_interface_id": "eni-79b41502",
                            "private_dns": "ip-10-90-128-165.ap-southeast-1.compute.internal",
                            "private_ip": "10.90.128.165",
                            "public_dns": "ec2-52-221-183-222.ap-southeast-1.compute.amazonaws.com",
                            "public_ip": "52.221.183.222",
                            "root_block_device.#": "1",
                            "root_block_device.0.delete_on_termination": "true",
                            "root_block_device.0.iops": "100",
                            "root_block_device.0.volume_size": "8",
                            "root_block_device.0.volume_type": "gp2",
                            "security_groups.#": "0",
                            "source_dest_check": "true",
                            "subnet_id": "subnet-b29cbcd6",
                            "tags.%": "1",
                            "tags.Name": "bastion",
                            "tenancy": "default",
                            "user_data": "9db78f175454acb05f26eddeb7eb40621628af88",
                            "vpc_security_group_ids.#": "1",
                            "vpc_security_group_ids.2026608559": "sg-e8d2ad8f"
                        },
                        "meta": {
                            "schema_version": "1"
                        },
                        "tainted": false
                    },
                    "deposed": [],
                    "provider": ""
                },
                "aws_route53_record.www": {
                    "type": "aws_route53_record",
                    "depends_on": [
                        "aws_instance.bastion",
                        "aws_route53_zone.internal"
                    ],
                    "primary": {
                        "id": "ZAMRNCXY02W25_bastion_A",
                        "attributes": {
                            "fqdn": "bastion.development.ipropertysg-singapore.ipga.local",
                            "health_check_id": "",
                            "id": "ZAMRNCXY02W25_bastion_A",
                            "name": "bastion",
                            "records.#": "1",
                            "records.795803714": "10.90.128.165",
                            "set_identifier": "",
                            "ttl": "300",
                            "type": "A",
                            "zone_id": "ZAMRNCXY02W25"
                        },
                        "meta": {
                            "schema_version": "2"
                        },
                        "tainted": false
                    },
                    "deposed": [],
                    "provider": ""
                },
                "aws_route53_zone.internal": {
                    "type": "aws_route53_zone",
                    "depends_on": [],
                    "primary": {
                        "id": "ZAMRNCXY02W25",
                        "attributes": {
                            "comment": "Managed by Terraform",
                            "force_destroy": "false",
                            "id": "ZAMRNCXY02W25",
                            "name": "development.ipropertysg-singapore.ipga.local.",
                            "name_servers.#": "4",
                            "name_servers.0": "ns-0.awsdns-00.com.",
                            "name_servers.1": "ns-1024.awsdns-00.org.",
                            "name_servers.2": "ns-1536.awsdns-00.co.uk.",
                            "name_servers.3": "ns-512.awsdns-00.net.",
                            "tags.%": "1",
                            "tags.Purpose": "Internal DNS Mapping",
                            "vpc_id": "vpc-78bbdf1c",
                            "vpc_region": "ap-southeast-1",
                            "zone_id": "ZAMRNCXY02W25"
                        },
                        "meta": {},
                        "tainted": false
                    },
                    "deposed": [],
                    "provider": ""
                },
                "aws_security_group.bastion_ssh_sg": {
                    "type": "aws_security_group",
                    "depends_on": [],
                    "primary": {
                        "id": "sg-e8d2ad8f",
                        "attributes": {
                            "description": "Allow SSH to Bastion host from approved ranges",
                            "egress.#": "1",
                            "egress.482069346.cidr_blocks.#": "1",
                            "egress.482069346.cidr_blocks.0": "0.0.0.0/0",
                            "egress.482069346.from_port": "0",
                            "egress.482069346.ipv6_cidr_blocks.#": "0",
                            "egress.482069346.prefix_list_ids.#": "0",
                            "egress.482069346.protocol": "-1",
                            "egress.482069346.security_groups.#": "0",
                            "egress.482069346.self": "false",
                            "egress.482069346.to_port": "0",
                            "id": "sg-e8d2ad8f",
                            "ingress.#": "2",
                            "ingress.1799340084.cidr_blocks.#": "1",
                            "ingress.1799340084.cidr_blocks.0": "0.0.0.0/0",
                            "ingress.1799340084.from_port": "-1",
                            "ingress.1799340084.ipv6_cidr_blocks.#": "0",
                            "ingress.1799340084.protocol": "icmp",
                            "ingress.1799340084.security_groups.#": "0",
                            "ingress.1799340084.self": "false",
                            "ingress.1799340084.to_port": "-1",
                            "ingress.2541437006.cidr_blocks.#": "1",
                            "ingress.2541437006.cidr_blocks.0": "0.0.0.0/0",
                            "ingress.2541437006.from_port": "22",
                            "ingress.2541437006.ipv6_cidr_blocks.#": "0",
                            "ingress.2541437006.protocol": "tcp",
                            "ingress.2541437006.security_groups.#": "0",
                            "ingress.2541437006.self": "false",
                            "ingress.2541437006.to_port": "22",
                            "name": "bastion-sg",
                            "owner_id": "951363673468",
                            "tags.%": "1",
                            "tags.Name": "bastion-sg",
                            "vpc_id": "vpc-78bbdf1c"
                        },
                        "meta": {},
                        "tainted": false
                    },
                    "deposed": [],
                    "provider": ""
                },
                "aws_security_group.ssh_from_bastion_sg": {
                    "type": "aws_security_group",
                    "depends_on": [
                        "aws_security_group.bastion_ssh_sg"
                    ],
                    "primary": {
                        "id": "sg-66d0af01",
                        "attributes": {
                            "description": "Allow SSH from Bastion host(s)",
                            "egress.#": "1",
                            "egress.482069346.cidr_blocks.#": "1",
                            "egress.482069346.cidr_blocks.0": "0.0.0.0/0",
                            "egress.482069346.from_port": "0",
                            "egress.482069346.ipv6_cidr_blocks.#": "0",
                            "egress.482069346.prefix_list_ids.#": "0",
                            "egress.482069346.protocol": "-1",
                            "egress.482069346.security_groups.#": "0",
                            "egress.482069346.self": "false",
                            "egress.482069346.to_port": "0",
                            "id": "sg-66d0af01",
                            "ingress.#": "2",
                            "ingress.1541254547.cidr_blocks.#": "0",
                            "ingress.1541254547.from_port": "22",
                            "ingress.1541254547.ipv6_cidr_blocks.#": "0",
                            "ingress.1541254547.protocol": "tcp",
                            "ingress.1541254547.security_groups.#": "1",
                            "ingress.1541254547.security_groups.2026608559": "sg-e8d2ad8f",
                            "ingress.1541254547.self": "true",
                            "ingress.1541254547.to_port": "22",
                            "ingress.1799340084.cidr_blocks.#": "1",
                            "ingress.1799340084.cidr_blocks.0": "0.0.0.0/0",
                            "ingress.1799340084.from_port": "-1",
                            "ingress.1799340084.ipv6_cidr_blocks.#": "0",
                            "ingress.1799340084.protocol": "icmp",
                            "ingress.1799340084.security_groups.#": "0",
                            "ingress.1799340084.self": "false",
                            "ingress.1799340084.to_port": "-1",
                            "name": "ssh-from-bastion-sg",
                            "owner_id": "951363673468",
                            "tags.%": "1",
                            "tags.Name": "ssh-from-bastion-sg",
                            "vpc_id": "vpc-78bbdf1c"
                        },
                        "meta": {},
                        "tainted": false
                    },
                    "deposed": [],
                    "provider": ""
                },
                "data.aws_iam_policy_document.s3-read": {
                    "type": "aws_iam_policy_document",
                    "depends_on": [],
                    "primary": {
                        "id": "3361363923",
                        "attributes": {
                            "id": "3361363923",
                            "json": "{\n  \"Version\": \"2012-10-17\",\n  \"Statement\": [\n    {\n      \"Sid\": \"1\",\n      \"Effect\": \"Allow\",\n      \"Action\": [\n        \"s3:List*\",\n        \"s3:Get*\"\n      ],\n      \"Resource\": \"*\"\n    }\n  ]\n}",
                            "statement.#": "1",
                            "statement.0.actions.#": "2",
                            "statement.0.actions.270841078": "s3:Get*",
                            "statement.0.actions.819753189": "s3:List*",
                            "statement.0.condition.#": "0",
                            "statement.0.effect": "Allow",
                            "statement.0.not_actions.#": "0",
                            "statement.0.not_principals.#": "0",
                            "statement.0.not_resources.#": "0",
                            "statement.0.principals.#": "0",
                            "statement.0.resources.#": "1",
                            "statement.0.resources.2679715827": "*",
                            "statement.0.sid": "1"
                        },
                        "meta": {},
                        "tainted": false
                    },
                    "deposed": [],
                    "provider": ""
                },
                "data.template_file.user_data": {
                    "type": "template_file",
                    "depends_on": [],
                    "primary": {
                        "id": "8a6e784f92d0296e7befcf33702077d157c287fef03ad7037b7bd88d21d2c639",
                        "attributes": {
                            "id": "8a6e784f92d0296e7befcf33702077d157c287fef03ad7037b7bd88d21d2c639",
                            "rendered": "#!/bin/bash\n\n## Setup the hosts file and hostname.\nfunction configure_hosts {\n    recordName=\"bastion\"\n    instance_ip=$(curl -q http://169.254.169.254/latest/meta-data/local-ipv4)\n    domain=$(awk '/^search/ { print $2 }' /etc/resolv.conf)\n    ipend=`echo $instance_ip | sed 's/\\\\./\\\\-/g'`\n    echo \"$instance_ip $recordName.$domain  $recordName\"\u003e\u003e /etc/hosts\n    hostname $recordName\n    echo $recordName \u003e /etc/hostname\n}\n\nconfigure_hosts\nyum update",
                            "template": "#!/bin/bash\n\n## Setup the hosts file and hostname.\nfunction configure_hosts {\n    recordName=\"${record_name}\"\n    instance_ip=$(curl -q http://169.254.169.254/latest/meta-data/local-ipv4)\n    domain=$(awk '/^search/ { print $2 }' /etc/resolv.conf)\n    ipend=`echo $instance_ip | sed 's/\\\\./\\\\-/g'`\n    echo \"$instance_ip $recordName.$domain  $recordName\"\u003e\u003e /etc/hosts\n    hostname $recordName\n    echo $recordName \u003e /etc/hostname\n}\n\nconfigure_hosts\nyum update",
                            "vars.%": "1",
                            "vars.record_name": "bastion"
                        },
                        "meta": {},
                        "tainted": false
                    },
                    "deposed": [],
                    "provider": ""
                }
            },
            "depends_on": []
        },
        {
            "path": [
                "root",
                "network"
            ],
            "outputs": {
                "aws_vpc_id": {
                    "sensitive": false,
                    "type": "string",
                    "value": "vpc-78bbdf1c"
                },
                "nat_subnets": {
                    "sensitive": false,
                    "type": "string",
                    "value": "subnet-b29cbcd6,subnet-f30c5885"
                },
                "private_subnets": {
                    "sensitive": false,
                    "type": "string",
                    "value": "subnet-129cbc76,subnet-a70357d1"
                },
                "public_subnets": {
                    "sensitive": false,
                    "type": "string",
                    "value": "subnet-b19cbcd5,subnet-17025661"
                },
                "vpc_id": {
                    "sensitive": false,
                    "type": "string",
                    "value": "vpc-78bbdf1c"
                }
            },
            "resources": {
                "aws_eip.nat.0": {
                    "type": "aws_eip",
                    "depends_on": [
                        "aws_internet_gateway.default"
                    ],
                    "primary": {
                        "id": "eipalloc-9c8baff9",
                        "attributes": {
                            "association_id": "",
                            "domain": "vpc",
                            "id": "eipalloc-9c8baff9",
                            "instance": "",
                            "network_interface": "",
                            "private_ip": "",
                            "public_ip": "52.221.144.247",
                            "vpc": "true"
                        },
                        "meta": {},
                        "tainted": false
                    },
                    "deposed": [],
                    "provider": ""
                },
                "aws_eip.nat.1": {
                    "type": "aws_eip",
                    "depends_on": [
                        "aws_internet_gateway.default"
                    ],
                    "primary": {
                        "id": "eipalloc-d894b0bd",
                        "attributes": {
                            "association_id": "",
                            "domain": "vpc",
                            "id": "eipalloc-d894b0bd",
                            "instance": "",
                            "network_interface": "",
                            "private_ip": "",
                            "public_ip": "52.221.174.169",
                            "vpc": "true"
                        },
                        "meta": {},
                        "tainted": false
                    },
                    "deposed": [],
                    "provider": ""
                },
                "aws_internet_gateway.default": {
                    "type": "aws_internet_gateway",
                    "depends_on": [
                        "aws_vpc.default"
                    ],
                    "primary": {
                        "id": "igw-f0ab9095",
                        "attributes": {
                            "id": "igw-f0ab9095",
                            "tags.%": "1",
                            "tags.Name": "ipropertysg-development",
                            "vpc_id": "vpc-78bbdf1c"
                        },
                        "meta": {},
                        "tainted": false
                    },
                    "deposed": [],
                    "provider": ""
                },
                "aws_nat_gateway.default.0": {
                    "type": "aws_nat_gateway",
                    "depends_on": [
                        "aws_eip.nat.*",
                        "aws_internet_gateway.default",
                        "aws_subnet.nat.*"
                    ],
                    "primary": {
                        "id": "nat-009b4560b74f3c25e",
                        "attributes": {
                            "allocation_id": "eipalloc-9c8baff9",
                            "id": "nat-009b4560b74f3c25e",
                            "network_interface_id": "eni-ddb514a6",
                            "private_ip": "10.90.129.9",
                            "public_ip": "52.221.144.247",
                            "subnet_id": "subnet-b29cbcd6"
                        },
                        "meta": {},
                        "tainted": false
                    },
                    "deposed": [],
                    "provider": ""
                },
                "aws_nat_gateway.default.1": {
                    "type": "aws_nat_gateway",
                    "depends_on": [
                        "aws_eip.nat.*",
                        "aws_internet_gateway.default",
                        "aws_subnet.nat.*"
                    ],
                    "primary": {
                        "id": "nat-03a7e70f401ccb04a",
                        "attributes": {
                            "allocation_id": "eipalloc-d894b0bd",
                            "id": "nat-03a7e70f401ccb04a",
                            "network_interface_id": "eni-be15daf3",
                            "private_ip": "10.90.131.41",
                            "public_ip": "52.221.174.169",
                            "subnet_id": "subnet-f30c5885"
                        },
                        "meta": {},
                        "tainted": false
                    },
                    "deposed": [],
                    "provider": ""
                },
                "aws_network_acl.nat": {
                    "type": "aws_network_acl",
                    "depends_on": [
                        "aws_subnet.nat.*",
                        "aws_vpc.default"
                    ],
                    "primary": {
                        "id": "acl-19712a7d",
                        "attributes": {
                            "egress.#": "1",
                            "egress.1564094202.action": "allow",
                            "egress.1564094202.cidr_block": "0.0.0.0/0",
                            "egress.1564094202.from_port": "0",
                            "egress.1564094202.icmp_code": "0",
                            "egress.1564094202.icmp_type": "0",
                            "egress.1564094202.ipv6_cidr_block": "",
                            "egress.1564094202.protocol": "-1",
                            "egress.1564094202.rule_no": "1",
                            "egress.1564094202.to_port": "0",
                            "id": "acl-19712a7d",
                            "ingress.#": "9",
                            "ingress.1093056404.action": "allow",
                            "ingress.1093056404.cidr_block": "10.90.128.0/22",
                            "ingress.1093056404.from_port": "0",
                            "ingress.1093056404.icmp_code": "0",
                            "ingress.1093056404.icmp_type": "0",
                            "ingress.1093056404.ipv6_cidr_block": "",
                            "ingress.1093056404.protocol": "-1",
                            "ingress.1093056404.rule_no": "1",
                            "ingress.1093056404.to_port": "0",
                            "ingress.1722385532.action": "allow",
                            "ingress.1722385532.cidr_block": "10.90.136.0/22",
                            "ingress.1722385532.from_port": "0",
                            "ingress.1722385532.icmp_code": "0",
                            "ingress.1722385532.icmp_type": "0",
                            "ingress.1722385532.ipv6_cidr_block": "",
                            "ingress.1722385532.protocol": "-1",
                            "ingress.1722385532.rule_no": "2",
                            "ingress.1722385532.to_port": "0",
                            "ingress.1757972342.action": "allow",
                            "ingress.1757972342.cidr_block": "121.122.7.17/32",
                            "ingress.1757972342.from_port": "22",
                            "ingress.1757972342.icmp_code": "0",
                            "ingress.1757972342.icmp_type": "0",
                            "ingress.1757972342.ipv6_cidr_block": "",
                            "ingress.1757972342.protocol": "6",
                            "ingress.1757972342.rule_no": "8",
                            "ingress.1757972342.to_port": "22",
                            "ingress.2060922830.action": "allow",
                            "ingress.2060922830.cidr_block": "0.0.0.0/0",
                            "ingress.2060922830.from_port": "123",
                            "ingress.2060922830.icmp_code": "0",
                            "ingress.2060922830.icmp_type": "0",
                            "ingress.2060922830.ipv6_cidr_block": "",
                            "ingress.2060922830.protocol": "17",
                            "ingress.2060922830.rule_no": "5",
                            "ingress.2060922830.to_port": "123",
                            "ingress.2595849597.action": "allow",
                            "ingress.2595849597.cidr_block": "202.66.38.130/32",
                            "ingress.2595849597.from_port": "22",
                            "ingress.2595849597.icmp_code": "0",
                            "ingress.2595849597.icmp_type": "0",
                            "ingress.2595849597.ipv6_cidr_block": "",
                            "ingress.2595849597.protocol": "6",
                            "ingress.2595849597.rule_no": "7",
                            "ingress.2595849597.to_port": "22",
                            "ingress.3212756840.action": "allow",
                            "ingress.3212756840.cidr_block": "0.0.0.0/0",
                            "ingress.3212756840.from_port": "1024",
                            "ingress.3212756840.icmp_code": "0",
                            "ingress.3212756840.icmp_type": "0",
                            "ingress.3212756840.ipv6_cidr_block": "",
                            "ingress.3212756840.protocol": "17",
                            "ingress.3212756840.rule_no": "4",
                            "ingress.3212756840.to_port": "65535",
                            "ingress.3294464533.action": "allow",
                            "ingress.3294464533.cidr_block": "0.0.0.0/0",
                            "ingress.3294464533.from_port": "0",
                            "ingress.3294464533.icmp_code": "-1",
                            "ingress.3294464533.icmp_type": "-1",
                            "ingress.3294464533.ipv6_cidr_block": "",
                            "ingress.3294464533.protocol": "1",
                            "ingress.3294464533.rule_no": "6",
                            "ingress.3294464533.to_port": "0",
                            "ingress.3813719162.action": "allow",
                            "ingress.3813719162.cidr_block": "0.0.0.0/0",
                            "ingress.3813719162.from_port": "1024",
                            "ingress.3813719162.icmp_code": "0",
                            "ingress.3813719162.icmp_type": "0",
                            "ingress.3813719162.ipv6_cidr_block": "",
                            "ingress.3813719162.protocol": "6",
                            "ingress.3813719162.rule_no": "3",
                            "ingress.3813719162.to_port": "65535",
                            "ingress.757708370.action": "allow",
                            "ingress.757708370.cidr_block": "121.122.7.177/32",
                            "ingress.757708370.from_port": "22",
                            "ingress.757708370.icmp_code": "0",
                            "ingress.757708370.icmp_type": "0",
                            "ingress.757708370.ipv6_cidr_block": "",
                            "ingress.757708370.protocol": "6",
                            "ingress.757708370.rule_no": "9",
                            "ingress.757708370.to_port": "22",
                            "subnet_ids.#": "2",
                            "subnet_ids.1428888789": "subnet-f30c5885",
                            "subnet_ids.3912105467": "subnet-b29cbcd6",
                            "tags.%": "1",
                            "tags.Name": "nat_acl_all_subnets",
                            "vpc_id": "vpc-78bbdf1c"
                        },
                        "meta": {},
                        "tainted": false
                    },
                    "deposed": [],
                    "provider": ""
                },
                "aws_network_acl.private": {
                    "type": "aws_network_acl",
                    "depends_on": [
                        "aws_subnet.private.*",
                        "aws_vpc.default"
                    ],
                    "primary": {
                        "id": "acl-a07328c4",
                        "attributes": {
                            "egress.#": "1",
                            "egress.1564094202.action": "allow",
                            "egress.1564094202.cidr_block": "0.0.0.0/0",
                            "egress.1564094202.from_port": "0",
                            "egress.1564094202.icmp_code": "0",
                            "egress.1564094202.icmp_type": "0",
                            "egress.1564094202.ipv6_cidr_block": "",
                            "egress.1564094202.protocol": "-1",
                            "egress.1564094202.rule_no": "1",
                            "egress.1564094202.to_port": "0",
                            "id": "acl-a07328c4",
                            "ingress.#": "8",
                            "ingress.1093056404.action": "allow",
                            "ingress.1093056404.cidr_block": "10.90.128.0/22",
                            "ingress.1093056404.from_port": "0",
                            "ingress.1093056404.icmp_code": "0",
                            "ingress.1093056404.icmp_type": "0",
                            "ingress.1093056404.ipv6_cidr_block": "",
                            "ingress.1093056404.protocol": "-1",
                            "ingress.1093056404.rule_no": "1",
                            "ingress.1093056404.to_port": "0",
                            "ingress.1594386382.action": "allow",
                            "ingress.1594386382.cidr_block": "10.90.132.0/22",
                            "ingress.1594386382.from_port": "443",
                            "ingress.1594386382.icmp_code": "0",
                            "ingress.1594386382.icmp_type": "0",
                            "ingress.1594386382.ipv6_cidr_block": "",
                            "ingress.1594386382.protocol": "6",
                            "ingress.1594386382.rule_no": "4",
                            "ingress.1594386382.to_port": "443",
                            "ingress.1722385532.action": "allow",
                            "ingress.1722385532.cidr_block": "10.90.136.0/22",
                            "ingress.1722385532.from_port": "0",
                            "ingress.1722385532.icmp_code": "0",
                            "ingress.1722385532.icmp_type": "0",
                            "ingress.1722385532.ipv6_cidr_block": "",
                            "ingress.1722385532.protocol": "-1",
                            "ingress.1722385532.rule_no": "2",
                            "ingress.1722385532.to_port": "0",
                            "ingress.1872585889.action": "allow",
                            "ingress.1872585889.cidr_block": "0.0.0.0/0",
                            "ingress.1872585889.from_port": "123",
                            "ingress.1872585889.icmp_code": "0",
                            "ingress.1872585889.icmp_type": "0",
                            "ingress.1872585889.ipv6_cidr_block": "",
                            "ingress.1872585889.protocol": "17",
                            "ingress.1872585889.rule_no": "7",
                            "ingress.1872585889.to_port": "123",
                            "ingress.2290864348.action": "allow",
                            "ingress.2290864348.cidr_block": "0.0.0.0/0",
                            "ingress.2290864348.from_port": "1024",
                            "ingress.2290864348.icmp_code": "0",
                            "ingress.2290864348.icmp_type": "0",
                            "ingress.2290864348.ipv6_cidr_block": "",
                            "ingress.2290864348.protocol": "6",
                            "ingress.2290864348.rule_no": "5",
                            "ingress.2290864348.to_port": "65535",
                            "ingress.2855570439.action": "allow",
                            "ingress.2855570439.cidr_block": "0.0.0.0/0",
                            "ingress.2855570439.from_port": "1024",
                            "ingress.2855570439.icmp_code": "0",
                            "ingress.2855570439.icmp_type": "0",
                            "ingress.2855570439.ipv6_cidr_block": "",
                            "ingress.2855570439.protocol": "17",
                            "ingress.2855570439.rule_no": "6",
                            "ingress.2855570439.to_port": "65535",
                            "ingress.3129344344.action": "allow",
                            "ingress.3129344344.cidr_block": "0.0.0.0/0",
                            "ingress.3129344344.from_port": "0",
                            "ingress.3129344344.icmp_code": "-1",
                            "ingress.3129344344.icmp_type": "-1",
                            "ingress.3129344344.ipv6_cidr_block": "",
                            "ingress.3129344344.protocol": "1",
                            "ingress.3129344344.rule_no": "8",
                            "ingress.3129344344.to_port": "0",
                            "ingress.3640188015.action": "allow",
                            "ingress.3640188015.cidr_block": "10.90.132.0/22",
                            "ingress.3640188015.from_port": "80",
                            "ingress.3640188015.icmp_code": "0",
                            "ingress.3640188015.icmp_type": "0",
                            "ingress.3640188015.ipv6_cidr_block": "",
                            "ingress.3640188015.protocol": "6",
                            "ingress.3640188015.rule_no": "3",
                            "ingress.3640188015.to_port": "80",
                            "subnet_ids.#": "2",
                            "subnet_ids.2307747688": "subnet-a70357d1",
                            "subnet_ids.2735867721": "subnet-129cbc76",
                            "tags.%": "1",
                            "tags.Name": "private_acl_all_subnets",
                            "vpc_id": "vpc-78bbdf1c"
                        },
                        "meta": {},
                        "tainted": false
                    },
                    "deposed": [],
                    "provider": ""
                },
                "aws_network_acl.public": {
                    "type": "aws_network_acl",
                    "depends_on": [
                        "aws_subnet.public.*",
                        "aws_vpc.default"
                    ],
                    "primary": {
                        "id": "acl-f1702b95",
                        "attributes": {
                            "egress.#": "1",
                            "egress.1564094202.action": "allow",
                            "egress.1564094202.cidr_block": "0.0.0.0/0",
                            "egress.1564094202.from_port": "0",
                            "egress.1564094202.icmp_code": "0",
                            "egress.1564094202.icmp_type": "0",
                            "egress.1564094202.ipv6_cidr_block": "",
                            "egress.1564094202.protocol": "-1",
                            "egress.1564094202.rule_no": "1",
                            "egress.1564094202.to_port": "0",
                            "id": "acl-f1702b95",
                            "ingress.#": "7",
                            "ingress.1480734978.action": "allow",
                            "ingress.1480734978.cidr_block": "0.0.0.0/0",
                            "ingress.1480734978.from_port": "80",
                            "ingress.1480734978.icmp_code": "0",
                            "ingress.1480734978.icmp_type": "0",
                            "ingress.1480734978.ipv6_cidr_block": "",
                            "ingress.1480734978.protocol": "6",
                            "ingress.1480734978.rule_no": "2",
                            "ingress.1480734978.to_port": "80",
                            "ingress.1482908159.action": "allow",
                            "ingress.1482908159.cidr_block": "0.0.0.0/0",
                            "ingress.1482908159.from_port": "1024",
                            "ingress.1482908159.icmp_code": "0",
                            "ingress.1482908159.icmp_type": "0",
                            "ingress.1482908159.ipv6_cidr_block": "",
                            "ingress.1482908159.protocol": "17",
                            "ingress.1482908159.rule_no": "5",
                            "ingress.1482908159.to_port": "65535",
                            "ingress.2290139702.action": "allow",
                            "ingress.2290139702.cidr_block": "0.0.0.0/0",
                            "ingress.2290139702.from_port": "123",
                            "ingress.2290139702.icmp_code": "0",
                            "ingress.2290139702.icmp_type": "0",
                            "ingress.2290139702.ipv6_cidr_block": "",
                            "ingress.2290139702.protocol": "17",
                            "ingress.2290139702.rule_no": "6",
                            "ingress.2290139702.to_port": "123",
                            "ingress.2865860948.action": "allow",
                            "ingress.2865860948.cidr_block": "0.0.0.0/0",
                            "ingress.2865860948.from_port": "0",
                            "ingress.2865860948.icmp_code": "-1",
                            "ingress.2865860948.icmp_type": "-1",
                            "ingress.2865860948.ipv6_cidr_block": "",
                            "ingress.2865860948.protocol": "1",
                            "ingress.2865860948.rule_no": "7",
                            "ingress.2865860948.to_port": "0",
                            "ingress.3232384375.action": "allow",
                            "ingress.3232384375.cidr_block": "0.0.0.0/0",
                            "ingress.3232384375.from_port": "443",
                            "ingress.3232384375.icmp_code": "0",
                            "ingress.3232384375.icmp_type": "0",
                            "ingress.3232384375.ipv6_cidr_block": "",
                            "ingress.3232384375.protocol": "6",
                            "ingress.3232384375.rule_no": "3",
                            "ingress.3232384375.to_port": "443",
                            "ingress.3602491069.action": "allow",
                            "ingress.3602491069.cidr_block": "10.90.128.0/20",
                            "ingress.3602491069.from_port": "0",
                            "ingress.3602491069.icmp_code": "0",
                            "ingress.3602491069.icmp_type": "0",
                            "ingress.3602491069.ipv6_cidr_block": "",
                            "ingress.3602491069.protocol": "-1",
                            "ingress.3602491069.rule_no": "1",
                            "ingress.3602491069.to_port": "0",
                            "ingress.754991314.action": "allow",
                            "ingress.754991314.cidr_block": "0.0.0.0/0",
                            "ingress.754991314.from_port": "1024",
                            "ingress.754991314.icmp_code": "0",
                            "ingress.754991314.icmp_type": "0",
                            "ingress.754991314.ipv6_cidr_block": "",
                            "ingress.754991314.protocol": "6",
                            "ingress.754991314.rule_no": "4",
                            "ingress.754991314.to_port": "65535",
                            "subnet_ids.#": "2",
                            "subnet_ids.1103935196": "subnet-b19cbcd5",
                            "subnet_ids.1753538815": "subnet-17025661",
                            "tags.%": "1",
                            "tags.Name": "public_acl_all_subnets",
                            "vpc_id": "vpc-78bbdf1c"
                        },
                        "meta": {},
                        "tainted": false
                    },
                    "deposed": [],
                    "provider": ""
                },
                "aws_route_table.internet": {
                    "type": "aws_route_table",
                    "depends_on": [
                        "aws_internet_gateway.default",
                        "aws_vpc.default"
                    ],
                    "primary": {
                        "id": "rtb-cb9eb7af",
                        "attributes": {
                            "id": "rtb-cb9eb7af",
                            "propagating_vgws.#": "0",
                            "route.#": "1",
                            "route.2285283687.cidr_block": "0.0.0.0/0",
                            "route.2285283687.egress_only_gateway_id": "",
                            "route.2285283687.gateway_id": "igw-f0ab9095",
                            "route.2285283687.instance_id": "",
                            "route.2285283687.ipv6_cidr_block": "",
                            "route.2285283687.nat_gateway_id": "",
                            "route.2285283687.network_interface_id": "",
                            "route.2285283687.vpc_peering_connection_id": "",
                            "tags.%": "1",
                            "tags.Name": "internet_gateway_route",
                            "vpc_id": "vpc-78bbdf1c"
                        },
                        "meta": {},
                        "tainted": false
                    },
                    "deposed": [],
                    "provider": ""
                },
                "aws_route_table.nat-gateway.0": {
                    "type": "aws_route_table",
                    "depends_on": [
                        "aws_nat_gateway.default.*",
                        "aws_vpc.default"
                    ],
                    "primary": {
                        "id": "rtb-c29fb6a6",
                        "attributes": {
                            "id": "rtb-c29fb6a6",
                            "propagating_vgws.#": "0",
                            "route.#": "1",
                            "route.205006888.cidr_block": "0.0.0.0/0",
                            "route.205006888.egress_only_gateway_id": "",
                            "route.205006888.gateway_id": "",
                            "route.205006888.instance_id": "",
                            "route.205006888.ipv6_cidr_block": "",
                            "route.205006888.nat_gateway_id": "nat-009b4560b74f3c25e",
                            "route.205006888.network_interface_id": "",
                            "route.205006888.vpc_peering_connection_id": "",
                            "tags.%": "1",
                            "tags.Name": "nat_ap-southeast-1a",
                            "vpc_id": "vpc-78bbdf1c"
                        },
                        "meta": {},
                        "tainted": false
                    },
                    "deposed": [],
                    "provider": ""
                },
                "aws_route_table.nat-gateway.1": {
                    "type": "aws_route_table",
                    "depends_on": [
                        "aws_nat_gateway.default.*",
                        "aws_vpc.default"
                    ],
                    "primary": {
                        "id": "rtb-529fb636",
                        "attributes": {
                            "id": "rtb-529fb636",
                            "propagating_vgws.#": "0",
                            "route.#": "1",
                            "route.1475015796.cidr_block": "0.0.0.0/0",
                            "route.1475015796.egress_only_gateway_id": "",
                            "route.1475015796.gateway_id": "",
                            "route.1475015796.instance_id": "",
                            "route.1475015796.ipv6_cidr_block": "",
                            "route.1475015796.nat_gateway_id": "nat-03a7e70f401ccb04a",
                            "route.1475015796.network_interface_id": "",
                            "route.1475015796.vpc_peering_connection_id": "",
                            "tags.%": "1",
                            "tags.Name": "nat_ap-southeast-1b",
                            "vpc_id": "vpc-78bbdf1c"
                        },
                        "meta": {},
                        "tainted": false
                    },
                    "deposed": [],
                    "provider": ""
                },
                "aws_route_table_association.nat-subnet.0": {
                    "type": "aws_route_table_association",
                    "depends_on": [
                        "aws_route_table.internet",
                        "aws_subnet.public.*"
                    ],
                    "primary": {
                        "id": "rtbassoc-6bc3600c",
                        "attributes": {
                            "id": "rtbassoc-6bc3600c",
                            "route_table_id": "rtb-cb9eb7af",
                            "subnet_id": "subnet-b19cbcd5"
                        },
                        "meta": {},
                        "tainted": false
                    },
                    "deposed": [],
                    "provider": ""
                },
                "aws_route_table_association.nat-subnet.1": {
                    "type": "aws_route_table_association",
                    "depends_on": [
                        "aws_route_table.internet",
                        "aws_subnet.public.*"
                    ],
                    "primary": {
                        "id": "rtbassoc-6eff5c09",
                        "attributes": {
                            "id": "rtbassoc-6eff5c09",
                            "route_table_id": "rtb-cb9eb7af",
                            "subnet_id": "subnet-17025661"
                        },
                        "meta": {},
                        "tainted": false
                    },
                    "deposed": [],
                    "provider": ""
                },
                "aws_route_table_association.private-subnet.0": {
                    "type": "aws_route_table_association",
                    "depends_on": [
                        "aws_route_table.nat-gateway.*",
                        "aws_subnet.private.*"
                    ],
                    "primary": {
                        "id": "rtbassoc-6bff5c0c",
                        "attributes": {
                            "id": "rtbassoc-6bff5c0c",
                            "route_table_id": "rtb-c29fb6a6",
                            "subnet_id": "subnet-129cbc76"
                        },
                        "meta": {},
                        "tainted": false
                    },
                    "deposed": [],
                    "provider": ""
                },
                "aws_route_table_association.private-subnet.1": {
                    "type": "aws_route_table_association",
                    "depends_on": [
                        "aws_route_table.nat-gateway.*",
                        "aws_subnet.private.*"
                    ],
                    "primary": {
                        "id": "rtbassoc-d1fc5fb6",
                        "attributes": {
                            "id": "rtbassoc-d1fc5fb6",
                            "route_table_id": "rtb-529fb636",
                            "subnet_id": "subnet-a70357d1"
                        },
                        "meta": {},
                        "tainted": false
                    },
                    "deposed": [],
                    "provider": ""
                },
                "aws_route_table_association.public-subnet.0": {
                    "type": "aws_route_table_association",
                    "depends_on": [
                        "aws_route_table.internet",
                        "aws_subnet.nat.*"
                    ],
                    "primary": {
                        "id": "rtbassoc-9afd5efd",
                        "attributes": {
                            "id": "rtbassoc-9afd5efd",
                            "route_table_id": "rtb-cb9eb7af",
                            "subnet_id": "subnet-b29cbcd6"
                        },
                        "meta": {},
                        "tainted": false
                    },
                    "deposed": [],
                    "provider": ""
                },
                "aws_route_table_association.public-subnet.1": {
                    "type": "aws_route_table_association",
                    "depends_on": [
                        "aws_route_table.internet",
                        "aws_subnet.nat.*"
                    ],
                    "primary": {
                        "id": "rtbassoc-fdfd5e9a",
                        "attributes": {
                            "id": "rtbassoc-fdfd5e9a",
                            "route_table_id": "rtb-cb9eb7af",
                            "subnet_id": "subnet-f30c5885"
                        },
                        "meta": {},
                        "tainted": false
                    },
                    "deposed": [],
                    "provider": ""
                },
                "aws_subnet.nat.0": {
                    "type": "aws_subnet",
                    "depends_on": [
                        "aws_vpc.default"
                    ],
                    "primary": {
                        "id": "subnet-b29cbcd6",
                        "attributes": {
                            "assign_ipv6_address_on_creation": "false",
                            "availability_zone": "ap-southeast-1a",
                            "cidr_block": "10.90.128.0/23",
                            "id": "subnet-b29cbcd6",
                            "map_public_ip_on_launch": "true",
                            "tags.%": "1",
                            "tags.Name": "nat_ap-southeast-1a",
                            "vpc_id": "vpc-78bbdf1c"
                        },
                        "meta": {},
                        "tainted": false
                    },
                    "deposed": [],
                    "provider": ""
                },
                "aws_subnet.nat.1": {
                    "type": "aws_subnet",
                    "depends_on": [
                        "aws_vpc.default"
                    ],
                    "primary": {
                        "id": "subnet-f30c5885",
                        "attributes": {
                            "assign_ipv6_address_on_creation": "false",
                            "availability_zone": "ap-southeast-1b",
                            "cidr_block": "10.90.130.0/23",
                            "id": "subnet-f30c5885",
                            "map_public_ip_on_launch": "true",
                            "tags.%": "1",
                            "tags.Name": "nat_ap-southeast-1b",
                            "vpc_id": "vpc-78bbdf1c"
                        },
                        "meta": {},
                        "tainted": false
                    },
                    "deposed": [],
                    "provider": ""
                },
                "aws_subnet.private.0": {
                    "type": "aws_subnet",
                    "depends_on": [
                        "aws_vpc.default"
                    ],
                    "primary": {
                        "id": "subnet-129cbc76",
                        "attributes": {
                            "assign_ipv6_address_on_creation": "false",
                            "availability_zone": "ap-southeast-1a",
                            "cidr_block": "10.90.136.0/23",
                            "id": "subnet-129cbc76",
                            "map_public_ip_on_launch": "false",
                            "tags.%": "1",
                            "tags.Name": "private_ap-southeast-1a",
                            "vpc_id": "vpc-78bbdf1c"
                        },
                        "meta": {},
                        "tainted": false
                    },
                    "deposed": [],
                    "provider": ""
                },
                "aws_subnet.private.1": {
                    "type": "aws_subnet",
                    "depends_on": [
                        "aws_vpc.default"
                    ],
                    "primary": {
                        "id": "subnet-a70357d1",
                        "attributes": {
                            "assign_ipv6_address_on_creation": "false",
                            "availability_zone": "ap-southeast-1b",
                            "cidr_block": "10.90.140.0/23",
                            "id": "subnet-a70357d1",
                            "map_public_ip_on_launch": "false",
                            "tags.%": "1",
                            "tags.Name": "private_ap-southeast-1b",
                            "vpc_id": "vpc-78bbdf1c"
                        },
                        "meta": {},
                        "tainted": false
                    },
                    "deposed": [],
                    "provider": ""
                },
                "aws_subnet.public.0": {
                    "type": "aws_subnet",
                    "depends_on": [
                        "aws_vpc.default"
                    ],
                    "primary": {
                        "id": "subnet-b19cbcd5",
                        "attributes": {
                            "assign_ipv6_address_on_creation": "false",
                            "availability_zone": "ap-southeast-1a",
                            "cidr_block": "10.90.132.0/23",
                            "id": "subnet-b19cbcd5",
                            "map_public_ip_on_launch": "true",
                            "tags.%": "1",
                            "tags.Name": "public_ap-southeast-1a",
                            "vpc_id": "vpc-78bbdf1c"
                        },
                        "meta": {},
                        "tainted": false
                    },
                    "deposed": [],
                    "provider": ""
                },
                "aws_subnet.public.1": {
                    "type": "aws_subnet",
                    "depends_on": [
                        "aws_vpc.default"
                    ],
                    "primary": {
                        "id": "subnet-17025661",
                        "attributes": {
                            "assign_ipv6_address_on_creation": "false",
                            "availability_zone": "ap-southeast-1b",
                            "cidr_block": "10.90.134.0/23",
                            "id": "subnet-17025661",
                            "map_public_ip_on_launch": "true",
                            "tags.%": "1",
                            "tags.Name": "public_ap-southeast-1b",
                            "vpc_id": "vpc-78bbdf1c"
                        },
                        "meta": {},
                        "tainted": false
                    },
                    "deposed": [],
                    "provider": ""
                },
                "aws_vpc.default": {
                    "type": "aws_vpc",
                    "depends_on": [],
                    "primary": {
                        "id": "vpc-78bbdf1c",
                        "attributes": {
                            "assign_generated_ipv6_cidr_block": "false",
                            "cidr_block": "10.90.128.0/20",
                            "default_network_acl_id": "acl-f0702b94",
                            "default_route_table_id": "rtb-4b9fb62f",
                            "default_security_group_id": "sg-bdd2adda",
                            "dhcp_options_id": "dopt-4e38842a",
                            "enable_classiclink": "false",
                            "enable_dns_hostnames": "true",
                            "enable_dns_support": "true",
                            "id": "vpc-78bbdf1c",
                            "instance_tenancy": "default",
                            "main_route_table_id": "rtb-4b9fb62f",
                            "tags.%": "1",
                            "tags.Name": "ipropertysg-development"
                        },
                        "meta": {
                            "schema_version": "1"
                        },
                        "tainted": false
                    },
                    "deposed": [],
                    "provider": ""
                },
                "aws_vpc_dhcp_options.default": {
                    "type": "aws_vpc_dhcp_options",
                    "depends_on": [],
                    "primary": {
                        "id": "dopt-5f2d913b",
                        "attributes": {
                            "domain_name": "development.ipropertysg-singapore.ipga.local",
                            "domain_name_servers.#": "2",
                            "domain_name_servers.0": "AmazonProvidedDNS",
                            "domain_name_servers.1": "10.90.128.2",
                            "id": "dopt-5f2d913b",
                            "tags.%": "1",
                            "tags.Name": "development.ipropertysg-singapore.ipga.local"
                        },
                        "meta": {},
                        "tainted": false
                    },
                    "deposed": [],
                    "provider": ""
                },
                "aws_vpc_dhcp_options_association.dns_resolver": {
                    "type": "aws_vpc_dhcp_options_association",
                    "depends_on": [
                        "aws_vpc.default",
                        "aws_vpc_dhcp_options.default"
                    ],
                    "primary": {
                        "id": "dopt-5f2d913b-vpc-78bbdf1c",
                        "attributes": {
                            "dhcp_options_id": "dopt-5f2d913b",
                            "id": "dopt-5f2d913b-vpc-78bbdf1c",
                            "vpc_id": "vpc-78bbdf1c"
                        },
                        "meta": {},
                        "tainted": false
                    },
                    "deposed": [],
                    "provider": ""
                }
            },
            "depends_on": []
        }
    ]
}
